// !$*UTF8*$!
{
	archiveVersion = 1;
	classes = {
	};
	objectVersion = 55;
	objects = {

/* Begin PBXBuildFile section */
		ED0B17DF277CEFF000BB47B1 /* Appicon.icns in Resources */ = {isa = PBXBuildFile; fileRef = ED0B17DE277CEFF000BB47B1 /* Appicon.icns */; };
		ED534376277E40800017AD05 /* update_feature_list in Resources */ = {isa = PBXBuildFile; fileRef = ED534375277E40800017AD05 /* update_feature_list */; };
		ED5343BD277E45510017AD05 /* MATools.framework in Frameworks */ = {isa = PBXBuildFile; fileRef = ED5343A1277E43120017AD05 /* MATools.framework */; };
		ED5343BE277E45510017AD05 /* MATools.framework in Embed Frameworks */ = {isa = PBXBuildFile; fileRef = ED5343A1277E43120017AD05 /* MATools.framework */; settings = {ATTRIBUTES = (CodeSignOnCopy, RemoveHeadersOnCopy, ); }; };
		ED8025C5277D695100427E5C /* newtab.html in Resources */ = {isa = PBXBuildFile; fileRef = ED8025C4277D695100427E5C /* newtab.html */; };
		EDD24392277CC01B00926C9B /* MASearchSuggestions.framework in Frameworks */ = {isa = PBXBuildFile; fileRef = EDD24386277CC01100926C9B /* MASearchSuggestions.framework */; };
		EDD24393277CC01B00926C9B /* MASearchSuggestions.framework in Embed Frameworks */ = {isa = PBXBuildFile; fileRef = EDD24386277CC01100926C9B /* MASearchSuggestions.framework */; settings = {ATTRIBUTES = (CodeSignOnCopy, RemoveHeadersOnCopy, ); }; };
		EDD24395277CC01E00926C9B /* MAWebView.framework in Frameworks */ = {isa = PBXBuildFile; fileRef = EDD2438F277CC01400926C9B /* MAWebView.framework */; };
		EDD24396277CC01E00926C9B /* MAWebView.framework in Embed Frameworks */ = {isa = PBXBuildFile; fileRef = EDD2438F277CC01400926C9B /* MAWebView.framework */; settings = {ATTRIBUTES = (CodeSignOnCopy, RemoveHeadersOnCopy, ); }; };
		EDF62B2F277C96AF006DF3EB /* AppDelegate.swift in Sources */ = {isa = PBXBuildFile; fileRef = EDF62B2E277C96AF006DF3EB /* AppDelegate.swift */; };
		EDF62B31277C96B2006DF3EB /* Assets.xcassets in Resources */ = {isa = PBXBuildFile; fileRef = EDF62B30277C96B2006DF3EB /* Assets.xcassets */; };
		EDF62B34277C96B2006DF3EB /* MainMenu.xib in Resources */ = {isa = PBXBuildFile; fileRef = EDF62B32277C96B2006DF3EB /* MainMenu.xib */; };
		EDF62B3F277C96B2006DF3EB /* MalvonTests.swift in Sources */ = {isa = PBXBuildFile; fileRef = EDF62B3E277C96B2006DF3EB /* MalvonTests.swift */; };
		EDF62B49277C96B3006DF3EB /* MalvonUITests.swift in Sources */ = {isa = PBXBuildFile; fileRef = EDF62B48277C96B3006DF3EB /* MalvonUITests.swift */; };
		EDF62B4B277C96B3006DF3EB /* MalvonUITestsLaunchTests.swift in Sources */ = {isa = PBXBuildFile; fileRef = EDF62B4A277C96B3006DF3EB /* MalvonUITestsLaunchTests.swift */; };
		EDF62B59277C96D3006DF3EB /* MAWindowController.swift in Sources */ = {isa = PBXBuildFile; fileRef = EDF62B57277C96D3006DF3EB /* MAWindowController.swift */; };
		EDF62B5A277C96D3006DF3EB /* MAWindowController.xib in Resources */ = {isa = PBXBuildFile; fileRef = EDF62B58277C96D3006DF3EB /* MAWindowController.xib */; };
		EDF62B5D277C9738006DF3EB /* MAViewController.swift in Sources */ = {isa = PBXBuildFile; fileRef = EDF62B5B277C9738006DF3EB /* MAViewController.swift */; };
		EDF62B5E277C9738006DF3EB /* MAViewController.xib in Resources */ = {isa = PBXBuildFile; fileRef = EDF62B5C277C9738006DF3EB /* MAViewController.xib */; };
		EDF62B92277C9887006DF3EB /* MADownloadsTableViewCell.swift in Sources */ = {isa = PBXBuildFile; fileRef = EDF62B8E277C9887006DF3EB /* MADownloadsTableViewCell.swift */; };
		EDF62B93277C9887006DF3EB /* HoverButton.swift in Sources */ = {isa = PBXBuildFile; fileRef = EDF62B8F277C9887006DF3EB /* HoverButton.swift */; };
		EDF62B94277C9887006DF3EB /* MATabsTableViewCell.swift in Sources */ = {isa = PBXBuildFile; fileRef = EDF62B90277C9887006DF3EB /* MATabsTableViewCell.swift */; };
		EDF62B95277C9887006DF3EB /* MASearchField.swift in Sources */ = {isa = PBXBuildFile; fileRef = EDF62B91277C9887006DF3EB /* MASearchField.swift */; };
		EDF62BA1277C98AC006DF3EB /* HistoryJSONModel.swift in Sources */ = {isa = PBXBuildFile; fileRef = EDF62B9E277C98AB006DF3EB /* HistoryJSONModel.swift */; };
		EDF62BA2277C98AC006DF3EB /* TabsJSONModel.swift in Sources */ = {isa = PBXBuildFile; fileRef = EDF62B9F277C98AC006DF3EB /* TabsJSONModel.swift */; };
		EDF62BA3277C98AC006DF3EB /* DownloadsJSONModel.swift in Sources */ = {isa = PBXBuildFile; fileRef = EDF62BA0277C98AC006DF3EB /* DownloadsJSONModel.swift */; };
		EDF62BA6277C98F7006DF3EB /* MADownloadsViewController.swift in Sources */ = {isa = PBXBuildFile; fileRef = EDF62BA4277C98F7006DF3EB /* MADownloadsViewController.swift */; };
		EDF62BA7277C98F7006DF3EB /* MADownloadsViewController.xib in Resources */ = {isa = PBXBuildFile; fileRef = EDF62BA5277C98F7006DF3EB /* MADownloadsViewController.xib */; };
		EDF62BAA277C9973006DF3EB /* MATabViewController.swift in Sources */ = {isa = PBXBuildFile; fileRef = EDF62BA8277C9973006DF3EB /* MATabViewController.swift */; };
		EDF62BAB277C9973006DF3EB /* MATabViewController.xib in Resources */ = {isa = PBXBuildFile; fileRef = EDF62BA9277C9973006DF3EB /* MATabViewController.xib */; };
		EDF62BAE277C99B7006DF3EB /* MAHistoryViewController.swift in Sources */ = {isa = PBXBuildFile; fileRef = EDF62BAC277C99B7006DF3EB /* MAHistoryViewController.swift */; };
		EDF62BAF277C99B7006DF3EB /* MAHistoryViewController.xib in Resources */ = {isa = PBXBuildFile; fileRef = EDF62BAD277C99B7006DF3EB /* MAHistoryViewController.xib */; };
		EDF62BBA277CB24B006DF3EB /* README.md in Resources */ = {isa = PBXBuildFile; fileRef = EDF62BB9277CB24B006DF3EB /* README.md */; };
/* End PBXBuildFile section */

/* Begin PBXContainerItemProxy section */
		ED5343A0277E43120017AD05 /* PBXContainerItemProxy */ = {
			isa = PBXContainerItemProxy;
			containerPortal = ED53439B277E43110017AD05 /* MATools.xcodeproj */;
			proxyType = 2;
			remoteGlobalIDString = ED534383277E43110017AD05;
			remoteInfo = MATools;
		};
		ED5343A2277E43120017AD05 /* PBXContainerItemProxy */ = {
			isa = PBXContainerItemProxy;
			containerPortal = ED53439B277E43110017AD05 /* MATools.xcodeproj */;
			proxyType = 2;
			remoteGlobalIDString = ED53438B277E43110017AD05;
			remoteInfo = MAToolsTests;
		};
		EDD24385277CC01100926C9B /* PBXContainerItemProxy */ = {
			isa = PBXContainerItemProxy;
			containerPortal = EDD24380277CC01100926C9B /* MASearchSuggestions.xcodeproj */;
			proxyType = 2;
			remoteGlobalIDString = EDF62ADC277C8E11006DF3EB;
			remoteInfo = MASearchSuggestions;
		};
		EDD24387277CC01100926C9B /* PBXContainerItemProxy */ = {
			isa = PBXContainerItemProxy;
			containerPortal = EDD24380277CC01100926C9B /* MASearchSuggestions.xcodeproj */;
			proxyType = 2;
			remoteGlobalIDString = EDF62AE4277C8E11006DF3EB;
			remoteInfo = MASearchSuggestionsTests;
		};
		EDD2438E277CC01400926C9B /* PBXContainerItemProxy */ = {
			isa = PBXContainerItemProxy;
			containerPortal = EDD24389277CC01400926C9B /* MAWebView.xcodeproj */;
			proxyType = 2;
			remoteGlobalIDString = EDF62AA7277C8D4A006DF3EB;
			remoteInfo = MAWebView;
		};
		EDD24390277CC01400926C9B /* PBXContainerItemProxy */ = {
			isa = PBXContainerItemProxy;
			containerPortal = EDD24389277CC01400926C9B /* MAWebView.xcodeproj */;
			proxyType = 2;
			remoteGlobalIDString = EDF62AAF277C8D4B006DF3EB;
			remoteInfo = MAWebViewTests;
		};
		EDF62B3B277C96B2006DF3EB /* PBXContainerItemProxy */ = {
			isa = PBXContainerItemProxy;
			containerPortal = EDF62B23277C96AF006DF3EB /* Project object */;
			proxyType = 1;
			remoteGlobalIDString = EDF62B2A277C96AF006DF3EB;
			remoteInfo = Malvon;
		};
		EDF62B45277C96B3006DF3EB /* PBXContainerItemProxy */ = {
			isa = PBXContainerItemProxy;
			containerPortal = EDF62B23277C96AF006DF3EB /* Project object */;
			proxyType = 1;
			remoteGlobalIDString = EDF62B2A277C96AF006DF3EB;
			remoteInfo = Malvon;
		};
/* End PBXContainerItemProxy section */

/* Begin PBXCopyFilesBuildPhase section */
		EDD24394277CC01B00926C9B /* Embed Frameworks */ = {
			isa = PBXCopyFilesBuildPhase;
			buildActionMask = 2147483647;
			dstPath = "";
			dstSubfolderSpec = 10;
			files = (
				ED5343BE277E45510017AD05 /* MATools.framework in Embed Frameworks */,
				EDD24396277CC01E00926C9B /* MAWebView.framework in Embed Frameworks */,
				EDD24393277CC01B00926C9B /* MASearchSuggestions.framework in Embed Frameworks */,
			);
			name = "Embed Frameworks";
			runOnlyForDeploymentPostprocessing = 0;
		};
/* End PBXCopyFilesBuildPhase section */

/* Begin PBXFileReference section */
		ED0B17DE277CEFF000BB47B1 /* Appicon.icns */ = {isa = PBXFileReference; lastKnownFileType = image.icns; path = Appicon.icns; sourceTree = "<group>"; };
		ED3CC6C3277D1AA400C0823E /* version.txt */ = {isa = PBXFileReference; lastKnownFileType = text; path = version.txt; sourceTree = "<group>"; };
		ED534375277E40800017AD05 /* update_feature_list */ = {isa = PBXFileReference; lastKnownFileType = text; path = update_feature_list; sourceTree = "<group>"; };
		ED53439B277E43110017AD05 /* MATools.xcodeproj */ = {isa = PBXFileReference; lastKnownFileType = "wrapper.pb-project"; name = MATools.xcodeproj; path = MATools/MATools.xcodeproj; sourceTree = "<group>"; };
		ED8025C4277D695100427E5C /* newtab.html */ = {isa = PBXFileReference; lastKnownFileType = text.html; path = newtab.html; sourceTree = "<group>"; };
		EDD08B01277D812E000C866B /* Changes.md */ = {isa = PBXFileReference; lastKnownFileType = net.daringfireball.markdown; path = Changes.md; sourceTree = "<group>"; };
		EDD24380277CC01100926C9B /* MASearchSuggestions.xcodeproj */ = {isa = PBXFileReference; lastKnownFileType = "wrapper.pb-project"; name = MASearchSuggestions.xcodeproj; path = MASearchSuggestions/MASearchSuggestions.xcodeproj; sourceTree = "<group>"; };
		EDD24389277CC01400926C9B /* MAWebView.xcodeproj */ = {isa = PBXFileReference; lastKnownFileType = "wrapper.pb-project"; name = MAWebView.xcodeproj; path = MAWebView/MAWebView.xcodeproj; sourceTree = "<group>"; };
		EDF62B2B277C96AF006DF3EB /* Malvon.app */ = {isa = PBXFileReference; explicitFileType = wrapper.application; includeInIndex = 0; path = Malvon.app; sourceTree = BUILT_PRODUCTS_DIR; };
		EDF62B2E277C96AF006DF3EB /* AppDelegate.swift */ = {isa = PBXFileReference; lastKnownFileType = sourcecode.swift; path = AppDelegate.swift; sourceTree = "<group>"; };
		EDF62B30277C96B2006DF3EB /* Assets.xcassets */ = {isa = PBXFileReference; lastKnownFileType = folder.assetcatalog; path = Assets.xcassets; sourceTree = "<group>"; };
		EDF62B33277C96B2006DF3EB /* Base */ = {isa = PBXFileReference; lastKnownFileType = file.xib; name = Base; path = Base.lproj/MainMenu.xib; sourceTree = "<group>"; };
		EDF62B35277C96B2006DF3EB /* Malvon.entitlements */ = {isa = PBXFileReference; lastKnownFileType = text.plist.entitlements; path = Malvon.entitlements; sourceTree = "<group>"; };
		EDF62B3A277C96B2006DF3EB /* MalvonTests.xctest */ = {isa = PBXFileReference; explicitFileType = wrapper.cfbundle; includeInIndex = 0; path = MalvonTests.xctest; sourceTree = BUILT_PRODUCTS_DIR; };
		EDF62B3E277C96B2006DF3EB /* MalvonTests.swift */ = {isa = PBXFileReference; lastKnownFileType = sourcecode.swift; path = MalvonTests.swift; sourceTree = "<group>"; };
		EDF62B44277C96B3006DF3EB /* MalvonUITests.xctest */ = {isa = PBXFileReference; explicitFileType = wrapper.cfbundle; includeInIndex = 0; path = MalvonUITests.xctest; sourceTree = BUILT_PRODUCTS_DIR; };
		EDF62B48277C96B3006DF3EB /* MalvonUITests.swift */ = {isa = PBXFileReference; lastKnownFileType = sourcecode.swift; path = MalvonUITests.swift; sourceTree = "<group>"; };
		EDF62B4A277C96B3006DF3EB /* MalvonUITestsLaunchTests.swift */ = {isa = PBXFileReference; lastKnownFileType = sourcecode.swift; path = MalvonUITestsLaunchTests.swift; sourceTree = "<group>"; };
		EDF62B57277C96D3006DF3EB /* MAWindowController.swift */ = {isa = PBXFileReference; lastKnownFileType = sourcecode.swift; path = MAWindowController.swift; sourceTree = "<group>"; };
		EDF62B58277C96D3006DF3EB /* MAWindowController.xib */ = {isa = PBXFileReference; lastKnownFileType = file.xib; path = MAWindowController.xib; sourceTree = "<group>"; };
		EDF62B5B277C9738006DF3EB /* MAViewController.swift */ = {isa = PBXFileReference; lastKnownFileType = sourcecode.swift; path = MAViewController.swift; sourceTree = "<group>"; };
		EDF62B5C277C9738006DF3EB /* MAViewController.xib */ = {isa = PBXFileReference; lastKnownFileType = file.xib; path = MAViewController.xib; sourceTree = "<group>"; };
		EDF62B8E277C9887006DF3EB /* MADownloadsTableViewCell.swift */ = {isa = PBXFileReference; fileEncoding = 4; lastKnownFileType = sourcecode.swift; path = MADownloadsTableViewCell.swift; sourceTree = "<group>"; };
		EDF62B8F277C9887006DF3EB /* HoverButton.swift */ = {isa = PBXFileReference; fileEncoding = 4; lastKnownFileType = sourcecode.swift; path = HoverButton.swift; sourceTree = "<group>"; };
		EDF62B90277C9887006DF3EB /* MATabsTableViewCell.swift */ = {isa = PBXFileReference; fileEncoding = 4; lastKnownFileType = sourcecode.swift; path = MATabsTableViewCell.swift; sourceTree = "<group>"; };
		EDF62B91277C9887006DF3EB /* MASearchField.swift */ = {isa = PBXFileReference; fileEncoding = 4; lastKnownFileType = sourcecode.swift; path = MASearchField.swift; sourceTree = "<group>"; };
		EDF62B9E277C98AB006DF3EB /* HistoryJSONModel.swift */ = {isa = PBXFileReference; fileEncoding = 4; lastKnownFileType = sourcecode.swift; path = HistoryJSONModel.swift; sourceTree = "<group>"; };
		EDF62B9F277C98AC006DF3EB /* TabsJSONModel.swift */ = {isa = PBXFileReference; fileEncoding = 4; lastKnownFileType = sourcecode.swift; path = TabsJSONModel.swift; sourceTree = "<group>"; };
		EDF62BA0277C98AC006DF3EB /* DownloadsJSONModel.swift */ = {isa = PBXFileReference; fileEncoding = 4; lastKnownFileType = sourcecode.swift; path = DownloadsJSONModel.swift; sourceTree = "<group>"; };
		EDF62BA4277C98F7006DF3EB /* MADownloadsViewController.swift */ = {isa = PBXFileReference; lastKnownFileType = sourcecode.swift; path = MADownloadsViewController.swift; sourceTree = "<group>"; };
		EDF62BA5277C98F7006DF3EB /* MADownloadsViewController.xib */ = {isa = PBXFileReference; lastKnownFileType = file.xib; path = MADownloadsViewController.xib; sourceTree = "<group>"; };
		EDF62BA8277C9973006DF3EB /* MATabViewController.swift */ = {isa = PBXFileReference; lastKnownFileType = sourcecode.swift; path = MATabViewController.swift; sourceTree = "<group>"; };
		EDF62BA9277C9973006DF3EB /* MATabViewController.xib */ = {isa = PBXFileReference; lastKnownFileType = file.xib; path = MATabViewController.xib; sourceTree = "<group>"; };
		EDF62BAC277C99B7006DF3EB /* MAHistoryViewController.swift */ = {isa = PBXFileReference; lastKnownFileType = sourcecode.swift; path = MAHistoryViewController.swift; sourceTree = "<group>"; };
		EDF62BAD277C99B7006DF3EB /* MAHistoryViewController.xib */ = {isa = PBXFileReference; lastKnownFileType = file.xib; path = MAHistoryViewController.xib; sourceTree = "<group>"; };
		EDF62BB9277CB24B006DF3EB /* README.md */ = {isa = PBXFileReference; fileEncoding = 4; lastKnownFileType = net.daringfireball.markdown; path = README.md; sourceTree = SOURCE_ROOT; };
		EDF62BBB277CB350006DF3EB /* Info.plist */ = {isa = PBXFileReference; lastKnownFileType = text.plist.xml; path = Info.plist; sourceTree = "<group>"; };
/* End PBXFileReference section */

/* Begin PBXFrameworksBuildPhase section */
		EDF62B28277C96AF006DF3EB /* Frameworks */ = {
			isa = PBXFrameworksBuildPhase;
			buildActionMask = 2147483647;
			files = (
				ED5343BD277E45510017AD05 /* MATools.framework in Frameworks */,
				EDD24395277CC01E00926C9B /* MAWebView.framework in Frameworks */,
				EDD24392277CC01B00926C9B /* MASearchSuggestions.framework in Frameworks */,
			);
			runOnlyForDeploymentPostprocessing = 0;
		};
		EDF62B37277C96B2006DF3EB /* Frameworks */ = {
			isa = PBXFrameworksBuildPhase;
			buildActionMask = 2147483647;
			files = (
			);
			runOnlyForDeploymentPostprocessing = 0;
		};
		EDF62B41277C96B3006DF3EB /* Frameworks */ = {
			isa = PBXFrameworksBuildPhase;
			buildActionMask = 2147483647;
			files = (
			);
			runOnlyForDeploymentPostprocessing = 0;
		};
/* End PBXFrameworksBuildPhase section */

/* Begin PBXGroup section */
		ED53439C277E43110017AD05 /* Products */ = {
			isa = PBXGroup;
			children = (
				ED5343A1277E43120017AD05 /* MATools.framework */,
				ED5343A3277E43120017AD05 /* MAToolsTests.xctest */,
			);
			name = Products;
			sourceTree = "<group>";
		};
		ED8025BF277D693E00427E5C /* pages */ = {
			isa = PBXGroup;
			children = (
				ED8025C4277D695100427E5C /* newtab.html */,
			);
			path = pages;
			sourceTree = "<group>";
		};
		EDD24381277CC01100926C9B /* Products */ = {
			isa = PBXGroup;
			children = (
				EDD24386277CC01100926C9B /* MASearchSuggestions.framework */,
				EDD24388277CC01100926C9B /* MASearchSuggestionsTests.xctest */,
			);
			name = Products;
			sourceTree = "<group>";
		};
		EDD2438A277CC01400926C9B /* Products */ = {
			isa = PBXGroup;
			children = (
				EDD2438F277CC01400926C9B /* MAWebView.framework */,
				EDD24391277CC01400926C9B /* MAWebViewTests.xctest */,
			);
			name = Products;
			sourceTree = "<group>";
		};
		EDF62B22277C96AF006DF3EB = {
			isa = PBXGroup;
			children = (
				EDD08B01277D812E000C866B /* Changes.md */,
				EDF62B2D277C96AF006DF3EB /* Malvon */,
				EDF62B3D277C96B2006DF3EB /* MalvonTests */,
				EDF62B47277C96B3006DF3EB /* MalvonUITests */,
				EDF62B61277C97FA006DF3EB /* Frameworks */,
				EDF62BB9277CB24B006DF3EB /* README.md */,
				EDF62B2C277C96AF006DF3EB /* Products */,
			);
			sourceTree = "<group>";
		};
		EDF62B2C277C96AF006DF3EB /* Products */ = {
			isa = PBXGroup;
			children = (
				EDF62B2B277C96AF006DF3EB /* Malvon.app */,
				EDF62B3A277C96B2006DF3EB /* MalvonTests.xctest */,
				EDF62B44277C96B3006DF3EB /* MalvonUITests.xctest */,
			);
			name = Products;
			sourceTree = "<group>";
		};
		EDF62B2D277C96AF006DF3EB /* Malvon */ = {
			isa = PBXGroup;
			children = (
				EDF62B2E277C96AF006DF3EB /* AppDelegate.swift */,
				ED0B17DE277CEFF000BB47B1 /* Appicon.icns */,
				EDF62BB0277CA4FB006DF3EB /* Controllers */,
				EDF62B32277C96B2006DF3EB /* MainMenu.xib */,
				EDF62BB1277CA577006DF3EB /* Models */,
				EDF62BB5277CA5B7006DF3EB /* Resources */,
				EDF62BB2277CA586006DF3EB /* View Models */,
				EDF62BB4277CA5AC006DF3EB /* Views */,
			);
			path = Malvon;
			sourceTree = "<group>";
		};
		EDF62B3D277C96B2006DF3EB /* MalvonTests */ = {
			isa = PBXGroup;
			children = (
				EDF62B3E277C96B2006DF3EB /* MalvonTests.swift */,
			);
			path = MalvonTests;
			sourceTree = "<group>";
		};
		EDF62B47277C96B3006DF3EB /* MalvonUITests */ = {
			isa = PBXGroup;
			children = (
				EDF62B48277C96B3006DF3EB /* MalvonUITests.swift */,
				EDF62B4A277C96B3006DF3EB /* MalvonUITestsLaunchTests.swift */,
			);
			path = MalvonUITests;
			sourceTree = "<group>";
		};
		EDF62B61277C97FA006DF3EB /* Frameworks */ = {
			isa = PBXGroup;
			children = (
				ED53439B277E43110017AD05 /* MATools.xcodeproj */,
				EDD24389277CC01400926C9B /* MAWebView.xcodeproj */,
				EDD24380277CC01100926C9B /* MASearchSuggestions.xcodeproj */,
			);
			path = Frameworks;
			sourceTree = "<group>";
		};
		EDF62BB0277CA4FB006DF3EB /* Controllers */ = {
			isa = PBXGroup;
			children = (
				EDF62B57277C96D3006DF3EB /* MAWindowController.swift */,
				EDF62B5B277C9738006DF3EB /* MAViewController.swift */,
				EDF62BA4277C98F7006DF3EB /* MADownloadsViewController.swift */,
				EDF62BA8277C9973006DF3EB /* MATabViewController.swift */,
				EDF62BAC277C99B7006DF3EB /* MAHistoryViewController.swift */,
			);
			path = Controllers;
			sourceTree = "<group>";
		};
		EDF62BB1277CA577006DF3EB /* Models */ = {
			isa = PBXGroup;
			children = (
				EDF62BA0277C98AC006DF3EB /* DownloadsJSONModel.swift */,
				EDF62B9E277C98AB006DF3EB /* HistoryJSONModel.swift */,
				EDF62B9F277C98AC006DF3EB /* TabsJSONModel.swift */,
			);
			path = Models;
			sourceTree = "<group>";
		};
		EDF62BB2277CA586006DF3EB /* View Models */ = {
			isa = PBXGroup;
			children = (
				EDF62B8F277C9887006DF3EB /* HoverButton.swift */,
				EDF62B8E277C9887006DF3EB /* MADownloadsTableViewCell.swift */,
				EDF62B91277C9887006DF3EB /* MASearchField.swift */,
				EDF62B90277C9887006DF3EB /* MATabsTableViewCell.swift */,
			);
			path = "View Models";
			sourceTree = "<group>";
		};
		EDF62BB4277CA5AC006DF3EB /* Views */ = {
			isa = PBXGroup;
			children = (
				EDF62B58277C96D3006DF3EB /* MAWindowController.xib */,
				EDF62B5C277C9738006DF3EB /* MAViewController.xib */,
				EDF62BA5277C98F7006DF3EB /* MADownloadsViewController.xib */,
				EDF62BA9277C9973006DF3EB /* MATabViewController.xib */,
				EDF62BAD277C99B7006DF3EB /* MAHistoryViewController.xib */,
			);
			path = Views;
			sourceTree = "<group>";
		};
		EDF62BB5277CA5B7006DF3EB /* Resources */ = {
			isa = PBXGroup;
			children = (
				ED8025BF277D693E00427E5C /* pages */,
				ED3CC6C3277D1AA400C0823E /* version.txt */,
				EDF62B30277C96B2006DF3EB /* Assets.xcassets */,
				EDF62B35277C96B2006DF3EB /* Malvon.entitlements */,
				EDF62BBB277CB350006DF3EB /* Info.plist */,
				ED534375277E40800017AD05 /* update_feature_list */,
			);
			path = Resources;
			sourceTree = "<group>";
		};
/* End PBXGroup section */

/* Begin PBXNativeTarget section */
		EDF62B2A277C96AF006DF3EB /* Malvon */ = {
			isa = PBXNativeTarget;
			buildConfigurationList = EDF62B4E277C96B3006DF3EB /* Build configuration list for PBXNativeTarget "Malvon" */;
			buildPhases = (
				EDF62B27277C96AF006DF3EB /* Sources */,
				EDF62B28277C96AF006DF3EB /* Frameworks */,
				EDF62B29277C96AF006DF3EB /* Resources */,
				EDD24394277CC01B00926C9B /* Embed Frameworks */,
			);
			buildRules = (
			);
			dependencies = (
			);
			name = Malvon;
			productName = Malvon;
			productReference = EDF62B2B277C96AF006DF3EB /* Malvon.app */;
			productType = "com.apple.product-type.application";
		};
		EDF62B39277C96B2006DF3EB /* MalvonTests */ = {
			isa = PBXNativeTarget;
			buildConfigurationList = EDF62B51277C96B3006DF3EB /* Build configuration list for PBXNativeTarget "MalvonTests" */;
			buildPhases = (
				EDF62B36277C96B2006DF3EB /* Sources */,
				EDF62B37277C96B2006DF3EB /* Frameworks */,
				EDF62B38277C96B2006DF3EB /* Resources */,
			);
			buildRules = (
			);
			dependencies = (
				EDF62B3C277C96B2006DF3EB /* PBXTargetDependency */,
			);
			name = MalvonTests;
			productName = MalvonTests;
			productReference = EDF62B3A277C96B2006DF3EB /* MalvonTests.xctest */;
			productType = "com.apple.product-type.bundle.unit-test";
		};
		EDF62B43277C96B3006DF3EB /* MalvonUITests */ = {
			isa = PBXNativeTarget;
			buildConfigurationList = EDF62B54277C96B3006DF3EB /* Build configuration list for PBXNativeTarget "MalvonUITests" */;
			buildPhases = (
				EDF62B40277C96B3006DF3EB /* Sources */,
				EDF62B41277C96B3006DF3EB /* Frameworks */,
				EDF62B42277C96B3006DF3EB /* Resources */,
			);
			buildRules = (
			);
			dependencies = (
				EDF62B46277C96B3006DF3EB /* PBXTargetDependency */,
			);
			name = MalvonUITests;
			productName = MalvonUITests;
			productReference = EDF62B44277C96B3006DF3EB /* MalvonUITests.xctest */;
			productType = "com.apple.product-type.bundle.ui-testing";
		};
/* End PBXNativeTarget section */

/* Begin PBXProject section */
		EDF62B23277C96AF006DF3EB /* Project object */ = {
			isa = PBXProject;
			attributes = {
				BuildIndependentTargetsInParallel = 1;
				CLASSPREFIX = MA;
				LastSwiftUpdateCheck = 1320;
				LastUpgradeCheck = 1320;
				ORGANIZATIONNAME = "Ashwin Paudel";
				TargetAttributes = {
					EDF62B2A277C96AF006DF3EB = {
						CreatedOnToolsVersion = 13.2.1;
					};
					EDF62B39277C96B2006DF3EB = {
						CreatedOnToolsVersion = 13.2.1;
						TestTargetID = EDF62B2A277C96AF006DF3EB;
					};
					EDF62B43277C96B3006DF3EB = {
						CreatedOnToolsVersion = 13.2.1;
						TestTargetID = EDF62B2A277C96AF006DF3EB;
					};
				};
			};
			buildConfigurationList = EDF62B26277C96AF006DF3EB /* Build configuration list for PBXProject "Malvon" */;
			compatibilityVersion = "Xcode 13.0";
			developmentRegion = en;
			hasScannedForEncodings = 0;
			knownRegions = (
				en,
				Base,
			);
			mainGroup = EDF62B22277C96AF006DF3EB;
			productRefGroup = EDF62B2C277C96AF006DF3EB /* Products */;
			projectDirPath = "";
			projectReferences = (
				{
					ProductGroup = EDD24381277CC01100926C9B /* Products */;
					ProjectRef = EDD24380277CC01100926C9B /* MASearchSuggestions.xcodeproj */;
				},
				{
					ProductGroup = ED53439C277E43110017AD05 /* Products */;
					ProjectRef = ED53439B277E43110017AD05 /* MATools.xcodeproj */;
				},
				{
					ProductGroup = EDD2438A277CC01400926C9B /* Products */;
					ProjectRef = EDD24389277CC01400926C9B /* MAWebView.xcodeproj */;
				},
			);
			projectRoot = "";
			targets = (
				EDF62B2A277C96AF006DF3EB /* Malvon */,
				EDF62B39277C96B2006DF3EB /* MalvonTests */,
				EDF62B43277C96B3006DF3EB /* MalvonUITests */,
			);
		};
/* End PBXProject section */

/* Begin PBXReferenceProxy section */
		ED5343A1277E43120017AD05 /* MATools.framework */ = {
			isa = PBXReferenceProxy;
			fileType = wrapper.framework;
			path = MATools.framework;
			remoteRef = ED5343A0277E43120017AD05 /* PBXContainerItemProxy */;
			sourceTree = BUILT_PRODUCTS_DIR;
		};
		ED5343A3277E43120017AD05 /* MAToolsTests.xctest */ = {
			isa = PBXReferenceProxy;
			fileType = wrapper.cfbundle;
			path = MAToolsTests.xctest;
			remoteRef = ED5343A2277E43120017AD05 /* PBXContainerItemProxy */;
			sourceTree = BUILT_PRODUCTS_DIR;
		};
		EDD24386277CC01100926C9B /* MASearchSuggestions.framework */ = {
			isa = PBXReferenceProxy;
			fileType = wrapper.framework;
			path = MASearchSuggestions.framework;
			remoteRef = EDD24385277CC01100926C9B /* PBXContainerItemProxy */;
			sourceTree = BUILT_PRODUCTS_DIR;
		};
		EDD24388277CC01100926C9B /* MASearchSuggestionsTests.xctest */ = {
			isa = PBXReferenceProxy;
			fileType = wrapper.cfbundle;
			path = MASearchSuggestionsTests.xctest;
			remoteRef = EDD24387277CC01100926C9B /* PBXContainerItemProxy */;
			sourceTree = BUILT_PRODUCTS_DIR;
		};
		EDD2438F277CC01400926C9B /* MAWebView.framework */ = {
			isa = PBXReferenceProxy;
			fileType = wrapper.framework;
			path = MAWebView.framework;
			remoteRef = EDD2438E277CC01400926C9B /* PBXContainerItemProxy */;
			sourceTree = BUILT_PRODUCTS_DIR;
		};
		EDD24391277CC01400926C9B /* MAWebViewTests.xctest */ = {
			isa = PBXReferenceProxy;
			fileType = wrapper.cfbundle;
			path = MAWebViewTests.xctest;
			remoteRef = EDD24390277CC01400926C9B /* PBXContainerItemProxy */;
			sourceTree = BUILT_PRODUCTS_DIR;
		};
/* End PBXReferenceProxy section */

/* Begin PBXResourcesBuildPhase section */
		EDF62B29277C96AF006DF3EB /* Resources */ = {
			isa = PBXResourcesBuildPhase;
			buildActionMask = 2147483647;
			files = (
				EDF62B31277C96B2006DF3EB /* Assets.xcassets in Resources */,
				EDF62B5A277C96D3006DF3EB /* MAWindowController.xib in Resources */,
				EDF62BAB277C9973006DF3EB /* MATabViewController.xib in Resources */,
				ED8025C5277D695100427E5C /* newtab.html in Resources */,
				EDF62BAF277C99B7006DF3EB /* MAHistoryViewController.xib in Resources */,
				ED0B17DF277CEFF000BB47B1 /* Appicon.icns in Resources */,
				EDF62B5E277C9738006DF3EB /* MAViewController.xib in Resources */,
				EDF62BA7277C98F7006DF3EB /* MADownloadsViewController.xib in Resources */,
				ED534376277E40800017AD05 /* update_feature_list in Resources */,
				EDF62B34277C96B2006DF3EB /* MainMenu.xib in Resources */,
			);
			runOnlyForDeploymentPostprocessing = 0;
		};
		EDF62B38277C96B2006DF3EB /* Resources */ = {
			isa = PBXResourcesBuildPhase;
			buildActionMask = 2147483647;
			files = (
			);
			runOnlyForDeploymentPostprocessing = 0;
		};
		EDF62B42277C96B3006DF3EB /* Resources */ = {
			isa = PBXResourcesBuildPhase;
			buildActionMask = 2147483647;
			files = (
				EDF62BBA277CB24B006DF3EB /* README.md in Resources */,
			);
			runOnlyForDeploymentPostprocessing = 0;
		};
/* End PBXResourcesBuildPhase section */

/* Begin PBXSourcesBuildPhase section */
		EDF62B27277C96AF006DF3EB /* Sources */ = {
			isa = PBXSourcesBuildPhase;
			buildActionMask = 2147483647;
			files = (
				EDF62B2F277C96AF006DF3EB /* AppDelegate.swift in Sources */,
				EDF62BA1277C98AC006DF3EB /* HistoryJSONModel.swift in Sources */,
				EDF62B92277C9887006DF3EB /* MADownloadsTableViewCell.swift in Sources */,
				EDF62BA2277C98AC006DF3EB /* TabsJSONModel.swift in Sources */,
				EDF62B95277C9887006DF3EB /* MASearchField.swift in Sources */,
				EDF62BAE277C99B7006DF3EB /* MAHistoryViewController.swift in Sources */,
				EDF62B59277C96D3006DF3EB /* MAWindowController.swift in Sources */,
				EDF62BAA277C9973006DF3EB /* MATabViewController.swift in Sources */,
				EDF62B93277C9887006DF3EB /* HoverButton.swift in Sources */,
				EDF62BA6277C98F7006DF3EB /* MADownloadsViewController.swift in Sources */,
				EDF62B5D277C9738006DF3EB /* MAViewController.swift in Sources */,
				EDF62BA3277C98AC006DF3EB /* DownloadsJSONModel.swift in Sources */,
				EDF62B94277C9887006DF3EB /* MATabsTableViewCell.swift in Sources */,
			);
			runOnlyForDeploymentPostprocessing = 0;
		};
		EDF62B36277C96B2006DF3EB /* Sources */ = {
			isa = PBXSourcesBuildPhase;
			buildActionMask = 2147483647;
			files = (
				EDF62B3F277C96B2006DF3EB /* MalvonTests.swift in Sources */,
			);
			runOnlyForDeploymentPostprocessing = 0;
		};
		EDF62B40277C96B3006DF3EB /* Sources */ = {
			isa = PBXSourcesBuildPhase;
			buildActionMask = 2147483647;
			files = (
				EDF62B49277C96B3006DF3EB /* MalvonUITests.swift in Sources */,
				EDF62B4B277C96B3006DF3EB /* MalvonUITestsLaunchTests.swift in Sources */,
			);
			runOnlyForDeploymentPostprocessing = 0;
		};
/* End PBXSourcesBuildPhase section */

/* Begin PBXTargetDependency section */
		EDF62B3C277C96B2006DF3EB /* PBXTargetDependency */ = {
			isa = PBXTargetDependency;
			target = EDF62B2A277C96AF006DF3EB /* Malvon */;
			targetProxy = EDF62B3B277C96B2006DF3EB /* PBXContainerItemProxy */;
		};
		EDF62B46277C96B3006DF3EB /* PBXTargetDependency */ = {
			isa = PBXTargetDependency;
			target = EDF62B2A277C96AF006DF3EB /* Malvon */;
			targetProxy = EDF62B45277C96B3006DF3EB /* PBXContainerItemProxy */;
		};
/* End PBXTargetDependency section */

/* Begin PBXVariantGroup section */
		EDF62B32277C96B2006DF3EB /* MainMenu.xib */ = {
			isa = PBXVariantGroup;
			children = (
				EDF62B33277C96B2006DF3EB /* Base */,
			);
			name = MainMenu.xib;
			sourceTree = "<group>";
		};
/* End PBXVariantGroup section */

/* Begin XCBuildConfiguration section */
		EDF62B4C277C96B3006DF3EB /* Debug */ = {
			isa = XCBuildConfiguration;
			buildSettings = {
				ALWAYS_SEARCH_USER_PATHS = NO;
				CLANG_ANALYZER_NONNULL = YES;
				CLANG_ANALYZER_NUMBER_OBJECT_CONVERSION = YES_AGGRESSIVE;
				CLANG_CXX_LANGUAGE_STANDARD = "gnu++17";
				CLANG_CXX_LIBRARY = "libc++";
				CLANG_ENABLE_MODULES = YES;
				CLANG_ENABLE_OBJC_ARC = YES;
				CLANG_ENABLE_OBJC_WEAK = YES;
				CLANG_WARN_BLOCK_CAPTURE_AUTORELEASING = YES;
				CLANG_WARN_BOOL_CONVERSION = YES;
				CLANG_WARN_COMMA = YES;
				CLANG_WARN_CONSTANT_CONVERSION = YES;
				CLANG_WARN_DEPRECATED_OBJC_IMPLEMENTATIONS = YES;
				CLANG_WARN_DIRECT_OBJC_ISA_USAGE = YES_ERROR;
				CLANG_WARN_DOCUMENTATION_COMMENTS = YES;
				CLANG_WARN_EMPTY_BODY = YES;
				CLANG_WARN_ENUM_CONVERSION = YES;
				CLANG_WARN_INFINITE_RECURSION = YES;
				CLANG_WARN_INT_CONVERSION = YES;
				CLANG_WARN_NON_LITERAL_NULL_CONVERSION = YES;
				CLANG_WARN_OBJC_IMPLICIT_RETAIN_SELF = YES;
				CLANG_WARN_OBJC_LITERAL_CONVERSION = YES;
				CLANG_WARN_OBJC_ROOT_CLASS = YES_ERROR;
				CLANG_WARN_QUOTED_INCLUDE_IN_FRAMEWORK_HEADER = YES;
				CLANG_WARN_RANGE_LOOP_ANALYSIS = YES;
				CLANG_WARN_STRICT_PROTOTYPES = YES;
				CLANG_WARN_SUSPICIOUS_MOVE = YES;
				CLANG_WARN_UNGUARDED_AVAILABILITY = YES_AGGRESSIVE;
				CLANG_WARN_UNREACHABLE_CODE = YES;
				CLANG_WARN__DUPLICATE_METHOD_MATCH = YES;
				COPY_PHASE_STRIP = NO;
				DEBUG_INFORMATION_FORMAT = dwarf;
				ENABLE_STRICT_OBJC_MSGSEND = YES;
				ENABLE_TESTABILITY = YES;
				GCC_C_LANGUAGE_STANDARD = gnu11;
				GCC_DYNAMIC_NO_PIC = NO;
				GCC_NO_COMMON_BLOCKS = YES;
				GCC_OPTIMIZATION_LEVEL = 0;
				GCC_PREPROCESSOR_DEFINITIONS = (
					"DEBUG=1",
					"$(inherited)",
				);
				GCC_WARN_64_TO_32_BIT_CONVERSION = YES;
				GCC_WARN_ABOUT_RETURN_TYPE = YES_ERROR;
				GCC_WARN_UNDECLARED_SELECTOR = YES;
				GCC_WARN_UNINITIALIZED_AUTOS = YES_AGGRESSIVE;
				GCC_WARN_UNUSED_FUNCTION = YES;
				GCC_WARN_UNUSED_VARIABLE = YES;
				MACOSX_DEPLOYMENT_TARGET = 10.14;
				MTL_ENABLE_DEBUG_INFO = INCLUDE_SOURCE;
				MTL_FAST_MATH = YES;
				ONLY_ACTIVE_ARCH = YES;
				SDKROOT = macosx;
				SWIFT_ACTIVE_COMPILATION_CONDITIONS = DEBUG;
				SWIFT_OPTIMIZATION_LEVEL = "-Onone";
			};
			name = Debug;
		};
		EDF62B4D277C96B3006DF3EB /* Release */ = {
			isa = XCBuildConfiguration;
			buildSettings = {
				ALWAYS_SEARCH_USER_PATHS = NO;
				CLANG_ANALYZER_NONNULL = YES;
				CLANG_ANALYZER_NUMBER_OBJECT_CONVERSION = YES_AGGRESSIVE;
				CLANG_CXX_LANGUAGE_STANDARD = "gnu++17";
				CLANG_CXX_LIBRARY = "libc++";
				CLANG_ENABLE_MODULES = YES;
				CLANG_ENABLE_OBJC_ARC = YES;
				CLANG_ENABLE_OBJC_WEAK = YES;
				CLANG_WARN_BLOCK_CAPTURE_AUTORELEASING = YES;
				CLANG_WARN_BOOL_CONVERSION = YES;
				CLANG_WARN_COMMA = YES;
				CLANG_WARN_CONSTANT_CONVERSION = YES;
				CLANG_WARN_DEPRECATED_OBJC_IMPLEMENTATIONS = YES;
				CLANG_WARN_DIRECT_OBJC_ISA_USAGE = YES_ERROR;
				CLANG_WARN_DOCUMENTATION_COMMENTS = YES;
				CLANG_WARN_EMPTY_BODY = YES;
				CLANG_WARN_ENUM_CONVERSION = YES;
				CLANG_WARN_INFINITE_RECURSION = YES;
				CLANG_WARN_INT_CONVERSION = YES;
				CLANG_WARN_NON_LITERAL_NULL_CONVERSION = YES;
				CLANG_WARN_OBJC_IMPLICIT_RETAIN_SELF = YES;
				CLANG_WARN_OBJC_LITERAL_CONVERSION = YES;
				CLANG_WARN_OBJC_ROOT_CLASS = YES_ERROR;
				CLANG_WARN_QUOTED_INCLUDE_IN_FRAMEWORK_HEADER = YES;
				CLANG_WARN_RANGE_LOOP_ANALYSIS = YES;
				CLANG_WARN_STRICT_PROTOTYPES = YES;
				CLANG_WARN_SUSPICIOUS_MOVE = YES;
				CLANG_WARN_UNGUARDED_AVAILABILITY = YES_AGGRESSIVE;
				CLANG_WARN_UNREACHABLE_CODE = YES;
				CLANG_WARN__DUPLICATE_METHOD_MATCH = YES;
				COPY_PHASE_STRIP = NO;
				DEBUG_INFORMATION_FORMAT = "dwarf-with-dsym";
				ENABLE_NS_ASSERTIONS = NO;
				ENABLE_STRICT_OBJC_MSGSEND = YES;
				GCC_C_LANGUAGE_STANDARD = gnu11;
				GCC_NO_COMMON_BLOCKS = YES;
				GCC_WARN_64_TO_32_BIT_CONVERSION = YES;
				GCC_WARN_ABOUT_RETURN_TYPE = YES_ERROR;
				GCC_WARN_UNDECLARED_SELECTOR = YES;
				GCC_WARN_UNINITIALIZED_AUTOS = YES_AGGRESSIVE;
				GCC_WARN_UNUSED_FUNCTION = YES;
				GCC_WARN_UNUSED_VARIABLE = YES;
				MACOSX_DEPLOYMENT_TARGET = 10.14;
				MTL_ENABLE_DEBUG_INFO = NO;
				MTL_FAST_MATH = YES;
				SDKROOT = macosx;
				SWIFT_COMPILATION_MODE = wholemodule;
				SWIFT_OPTIMIZATION_LEVEL = "-O";
			};
			name = Release;
		};
		EDF62B4F277C96B3006DF3EB /* Debug */ = {
			isa = XCBuildConfiguration;
			buildSettings = {
				ASSETCATALOG_COMPILER_APPICON_NAME = AppIcon;
				ASSETCATALOG_COMPILER_GLOBAL_ACCENT_COLOR_NAME = AccentColor;
				CODE_SIGN_ENTITLEMENTS = Malvon/Resources/Malvon.entitlements;
				CODE_SIGN_STYLE = Automatic;
				COMBINE_HIDPI_IMAGES = YES;
				DEVELOPMENT_TEAM = B29PGN9AG4;
				ENABLE_HARDENED_RUNTIME = NO;
				GENERATE_INFOPLIST_FILE = YES;
				INFOPLIST_FILE = Malvon/Resources/Info.plist;
				INFOPLIST_KEY_NSCameraUsageDescription = Camera;
				INFOPLIST_KEY_NSHumanReadableCopyright = "Copyright © 2021 Ashwin Paudel. All rights reserved.";
				INFOPLIST_KEY_NSMainNibFile = MainMenu;
				INFOPLIST_KEY_NSMicrophoneUsageDescription = Microphone;
				INFOPLIST_KEY_NSPrincipalClass = NSApplication;
				LD_RUNPATH_SEARCH_PATHS = (
					"$(inherited)",
					"@executable_path/../Frameworks",
				);
				MACOSX_DEPLOYMENT_TARGET = 10.14;
				MARKETING_VERSION = 1.0.1;
				PRODUCT_BUNDLE_IDENTIFIER = com.ashwin.Malvon;
				PRODUCT_NAME = "$(TARGET_NAME)";
				SWIFT_EMIT_LOC_STRINGS = YES;
				SWIFT_VERSION = 5.0;
			};
			name = Debug;
		};
		EDF62B50277C96B3006DF3EB /* Release */ = {
			isa = XCBuildConfiguration;
			buildSettings = {
				ASSETCATALOG_COMPILER_APPICON_NAME = AppIcon;
				ASSETCATALOG_COMPILER_GLOBAL_ACCENT_COLOR_NAME = AccentColor;
				CODE_SIGN_ENTITLEMENTS = Malvon/Resources/Malvon.entitlements;
				CODE_SIGN_STYLE = Automatic;
				COMBINE_HIDPI_IMAGES = YES;
				DEVELOPMENT_TEAM = B29PGN9AG4;
				ENABLE_HARDENED_RUNTIME = NO;
				GENERATE_INFOPLIST_FILE = YES;
				INFOPLIST_FILE = Malvon/Resources/Info.plist;
				INFOPLIST_KEY_NSCameraUsageDescription = Camera;
				INFOPLIST_KEY_NSHumanReadableCopyright = "Copyright © 2021 Ashwin Paudel. All rights reserved.";
				INFOPLIST_KEY_NSMainNibFile = MainMenu;
				INFOPLIST_KEY_NSMicrophoneUsageDescription = Microphone;
				INFOPLIST_KEY_NSPrincipalClass = NSApplication;
				LD_RUNPATH_SEARCH_PATHS = (
					"$(inherited)",
					"@executable_path/../Frameworks",
				);
				MACOSX_DEPLOYMENT_TARGET = 10.14;
				MARKETING_VERSION = 1.0.1;
				PRODUCT_BUNDLE_IDENTIFIER = com.ashwin.Malvon;
				PRODUCT_NAME = "$(TARGET_NAME)";
				SWIFT_COMPILATION_MODE = singlefile;
				SWIFT_EMIT_LOC_STRINGS = YES;
				SWIFT_VERSION = 5.0;
			};
			name = Release;
		};
		EDF62B52277C96B3006DF3EB /* Debug */ = {
			isa = XCBuildConfiguration;
			buildSettings = {
				ALWAYS_EMBED_SWIFT_STANDARD_LIBRARIES = YES;
				BUNDLE_LOADER = "$(TEST_HOST)";
				CODE_SIGN_STYLE = Automatic;
				CURRENT_PROJECT_VERSION = 1;
				DEVELOPMENT_TEAM = B29PGN9AG4;
				GENERATE_INFOPLIST_FILE = YES;
				MACOSX_DEPLOYMENT_TARGET = 11.6;
				MARKETING_VERSION = 1.0;
				PRODUCT_BUNDLE_IDENTIFIER = com.ashwin.MalvonTests;
				PRODUCT_NAME = "$(TARGET_NAME)";
				SWIFT_EMIT_LOC_STRINGS = NO;
				SWIFT_VERSION = 5.0;
				TEST_HOST = "$(BUILT_PRODUCTS_DIR)/Malvon.app/Contents/MacOS/Malvon";
			};
			name = Debug;
		};
		EDF62B53277C96B3006DF3EB /* Release */ = {
			isa = XCBuildConfiguration;
			buildSettings = {
				ALWAYS_EMBED_SWIFT_STANDARD_LIBRARIES = YES;
				BUNDLE_LOADER = "$(TEST_HOST)";
				CODE_SIGN_STYLE = Automatic;
				CURRENT_PROJECT_VERSION = 1;
				DEVELOPMENT_TEAM = B29PGN9AG4;
				GENERATE_INFOPLIST_FILE = YES;
				MACOSX_DEPLOYMENT_TARGET = 11.6;
				MARKETING_VERSION = 1.0;
				PRODUCT_BUNDLE_IDENTIFIER = com.ashwin.MalvonTests;
				PRODUCT_NAME = "$(TARGET_NAME)";
				SWIFT_EMIT_LOC_STRINGS = NO;
				SWIFT_VERSION = 5.0;
				TEST_HOST = "$(BUILT_PRODUCTS_DIR)/Malvon.app/Contents/MacOS/Malvon";
			};
			name = Release;
		};
		EDF62B55277C96B3006DF3EB /* Debug */ = {
			isa = XCBuildConfiguration;
			buildSettings = {
				ALWAYS_EMBED_SWIFT_STANDARD_LIBRARIES = YES;
				CODE_SIGN_STYLE = Automatic;
				CURRENT_PROJECT_VERSION = 1;
				DEVELOPMENT_TEAM = B29PGN9AG4;
				GENERATE_INFOPLIST_FILE = YES;
				MARKETING_VERSION = 1.0;
				PRODUCT_BUNDLE_IDENTIFIER = com.ashwin.MalvonUITests;
				PRODUCT_NAME = "$(TARGET_NAME)";
				SWIFT_EMIT_LOC_STRINGS = NO;
				SWIFT_VERSION = 5.0;
				TEST_TARGET_NAME = Malvon;
			};
			name = Debug;
		};
		EDF62B56277C96B3006DF3EB /* Release */ = {
			isa = XCBuildConfiguration;
			buildSettings = {
				ALWAYS_EMBED_SWIFT_STANDARD_LIBRARIES = YES;
				CODE_SIGN_STYLE = Automatic;
				CURRENT_PROJECT_VERSION = 1;
				DEVELOPMENT_TEAM = B29PGN9AG4;
				GENERATE_INFOPLIST_FILE = YES;
				MARKETING_VERSION = 1.0;
				PRODUCT_BUNDLE_IDENTIFIER = com.ashwin.MalvonUITests;
				PRODUCT_NAME = "$(TARGET_NAME)";
				SWIFT_EMIT_LOC_STRINGS = NO;
				SWIFT_VERSION = 5.0;
				TEST_TARGET_NAME = Malvon;
			};
			name = Release;
		};
/* End XCBuildConfiguration section */

/* Begin XCConfigurationList section */
		EDF62B26277C96AF006DF3EB /* Build configuration list for PBXProject "Malvon" */ = {
			isa = XCConfigurationList;
			buildConfigurations = (
				EDF62B4C277C96B3006DF3EB /* Debug */,
				EDF62B4D277C96B3006DF3EB /* Release */,
			);
			defaultConfigurationIsVisible = 0;
			defaultConfigurationName = Release;
		};
		EDF62B4E277C96B3006DF3EB /* Build configuration list for PBXNativeTarget "Malvon" */ = {
			isa = XCConfigurationList;
			buildConfigurations = (
				EDF62B4F277C96B3006DF3EB /* Debug */,
				EDF62B50277C96B3006DF3EB /* Release */,
			);
			defaultConfigurationIsVisible = 0;
			defaultConfigurationName = Release;
		};
		EDF62B51277C96B3006DF3EB /* Build configuration list for PBXNativeTarget "MalvonTests" */ = {
			isa = XCConfigurationList;
			buildConfigurations = (
				EDF62B52277C96B3006DF3EB /* Debug */,
				EDF62B53277C96B3006DF3EB /* Release */,
			);
			defaultConfigurationIsVisible = 0;
			defaultConfigurationName = Release;
		};
		EDF62B54277C96B3006DF3EB /* Build configuration list for PBXNativeTarget "MalvonUITests" */ = {
			isa = XCConfigurationList;
			buildConfigurations = (
				EDF62B55277C96B3006DF3EB /* Debug */,
				EDF62B56277C96B3006DF3EB /* Release */,
			);
			defaultConfigurationIsVisible = 0;
			defaultConfigurationName = Release;
		};
/* End XCConfigurationList section */
	};
	rootObject = EDF62B23277C96AF006DF3EB /* Project object */;
}
