// !$*UTF8*$!
{
	archiveVersion = 1;
	classes = {
	};
	objectVersion = 55;
	objects = {

/* Begin PBXBuildFile section */
		CF326CD627583BDD0095DA07 /* Helper.swift in Sources */ = {isa = PBXBuildFile; fileRef = CF326CD527583BDD0095DA07 /* Helper.swift */; };
		CF7772C727567DE50034555A /* HoverButton.swift in Sources */ = {isa = PBXBuildFile; fileRef = CF7772C627567DE50034555A /* HoverButton.swift */; };
		CFC95F9C275538A800B130F9 /* AppDelegate.swift in Sources */ = {isa = PBXBuildFile; fileRef = CFC95F9B275538A800B130F9 /* AppDelegate.swift */; };
		CFC95F9E275538AC00B130F9 /* Assets.xcassets in Resources */ = {isa = PBXBuildFile; fileRef = CFC95F9D275538AC00B130F9 /* Assets.xcassets */; };
		CFC95FA1275538AC00B130F9 /* MainMenu.xib in Resources */ = {isa = PBXBuildFile; fileRef = CFC95F9F275538AC00B130F9 /* MainMenu.xib */; };
		CFC95FAC275538AC00B130F9 /* MubserTests.swift in Sources */ = {isa = PBXBuildFile; fileRef = CFC95FAB275538AC00B130F9 /* MubserTests.swift */; };
		CFC95FB6275538AC00B130F9 /* MubserUITests.swift in Sources */ = {isa = PBXBuildFile; fileRef = CFC95FB5275538AC00B130F9 /* MubserUITests.swift */; };
		CFC95FB8275538AC00B130F9 /* MubserUITestsLaunchTests.swift in Sources */ = {isa = PBXBuildFile; fileRef = CFC95FB7275538AC00B130F9 /* MubserUITestsLaunchTests.swift */; };
		CFC9602727553C7A00B130F9 /* MubWindowController.swift in Sources */ = {isa = PBXBuildFile; fileRef = CFC9602527553C7A00B130F9 /* MubWindowController.swift */; };
		CFC9602827553C7A00B130F9 /* MubWindowController.xib in Resources */ = {isa = PBXBuildFile; fileRef = CFC9602627553C7A00B130F9 /* MubWindowController.xib */; };
		CFC9602B27553CA600B130F9 /* MubViewController.swift in Sources */ = {isa = PBXBuildFile; fileRef = CFC9602927553CA600B130F9 /* MubViewController.swift */; };
		CFC9602C27553CA600B130F9 /* MubViewController.xib in Resources */ = {isa = PBXBuildFile; fileRef = CFC9602A27553CA600B130F9 /* MubViewController.xib */; };
		CFC9602D27553D0B00B130F9 /* MubWebView.framework in Frameworks */ = {isa = PBXBuildFile; fileRef = CFC9601C2755395D00B130F9 /* MubWebView.framework */; };
		CFC9602E27553D0B00B130F9 /* MubWebView.framework in Embed Frameworks */ = {isa = PBXBuildFile; fileRef = CFC9601C2755395D00B130F9 /* MubWebView.framework */; settings = {ATTRIBUTES = (CodeSignOnCopy, RemoveHeadersOnCopy, ); }; };
		CFC9603E2755867400B130F9 /* APSuggestions.framework in Frameworks */ = {isa = PBXBuildFile; fileRef = CFC9603D2755863D00B130F9 /* APSuggestions.framework */; };
		CFC9603F2755867400B130F9 /* APSuggestions.framework in Embed Frameworks */ = {isa = PBXBuildFile; fileRef = CFC9603D2755863D00B130F9 /* APSuggestions.framework */; settings = {ATTRIBUTES = (CodeSignOnCopy, RemoveHeadersOnCopy, ); }; };
		CFC960412755873400B130F9 /* SearchCell.xib in Resources */ = {isa = PBXBuildFile; fileRef = CFC960402755873400B130F9 /* SearchCell.xib */; };
		CFD078632757F7C3001482C1 /* MubHistoryViewController.swift in Sources */ = {isa = PBXBuildFile; fileRef = CFD078612757F7C3001482C1 /* MubHistoryViewController.swift */; };
		CFD078642757F7C3001482C1 /* MubHistoryViewController.xib in Resources */ = {isa = PBXBuildFile; fileRef = CFD078622757F7C3001482C1 /* MubHistoryViewController.xib */; };
		CFD0786E2758120E001482C1 /* MubTabView.framework in Frameworks */ = {isa = PBXBuildFile; fileRef = CFB669EF2756EB6D0025D140 /* MubTabView.framework */; };
		CFD0786F2758120E001482C1 /* MubTabView.framework in Embed Frameworks */ = {isa = PBXBuildFile; fileRef = CFB669EF2756EB6D0025D140 /* MubTabView.framework */; settings = {ATTRIBUTES = (CodeSignOnCopy, RemoveHeadersOnCopy, ); }; };
		CFF1B2DA275D13B30057CAC4 /* MubTabViewController.swift in Sources */ = {isa = PBXBuildFile; fileRef = CFF1B2D8275D13B30057CAC4 /* MubTabViewController.swift */; };
		CFF1B2DB275D13B30057CAC4 /* MubTabViewController.xib in Resources */ = {isa = PBXBuildFile; fileRef = CFF1B2D9275D13B30057CAC4 /* MubTabViewController.xib */; };
		CFF9A1FA275D26D70036C4D7 /* Image1.png in Resources */ = {isa = PBXBuildFile; fileRef = CFF9A1F8275D26D70036C4D7 /* Image1.png */; };
		CFF9A1FB275D26D70036C4D7 /* Image2.png in Resources */ = {isa = PBXBuildFile; fileRef = CFF9A1F9275D26D70036C4D7 /* Image2.png */; };
		ED7C55DF277A0D79004C994E /* MubSearchField.swift in Sources */ = {isa = PBXBuildFile; fileRef = ED7C55DE277A0D79004C994E /* MubSearchField.swift */; };
		ED7C55E1277A1568004C994E /* GlobalVariables.swift in Sources */ = {isa = PBXBuildFile; fileRef = ED7C55E0277A1568004C994E /* GlobalVariables.swift */; };
/* End PBXBuildFile section */

/* Begin PBXContainerItemProxy section */
		CFB669EE2756EB6D0025D140 /* PBXContainerItemProxy */ = {
			isa = PBXContainerItemProxy;
			containerPortal = CFB669E82756EB6C0025D140 /* MubTabView.xcodeproj */;
			proxyType = 2;
			remoteGlobalIDString = CFB669CE2756EB6B0025D140;
			remoteInfo = MubTabView;
		};
		CFB669F02756EB6D0025D140 /* PBXContainerItemProxy */ = {
			isa = PBXContainerItemProxy;
			containerPortal = CFB669E82756EB6C0025D140 /* MubTabView.xcodeproj */;
			proxyType = 2;
			remoteGlobalIDString = CFB669D82756EB6C0025D140;
			remoteInfo = MubTabViewTests;
		};
		CFC95FA8275538AC00B130F9 /* PBXContainerItemProxy */ = {
			isa = PBXContainerItemProxy;
			containerPortal = CFC95F90275538A800B130F9 /* Project object */;
			proxyType = 1;
			remoteGlobalIDString = CFC95F97275538A800B130F9;
			remoteInfo = Mubser;
		};
		CFC95FB2275538AC00B130F9 /* PBXContainerItemProxy */ = {
			isa = PBXContainerItemProxy;
			containerPortal = CFC95F90275538A800B130F9 /* Project object */;
			proxyType = 1;
			remoteGlobalIDString = CFC95F97275538A800B130F9;
			remoteInfo = Mubser;
		};
		CFC9601B2755395D00B130F9 /* PBXContainerItemProxy */ = {
			isa = PBXContainerItemProxy;
			containerPortal = CFC960162755395C00B130F9 /* MubWebView.xcodeproj */;
			proxyType = 2;
			remoteGlobalIDString = CFC95FFC2755395B00B130F9;
			remoteInfo = MubWebView;
		};
		CFC9601D2755395D00B130F9 /* PBXContainerItemProxy */ = {
			isa = PBXContainerItemProxy;
			containerPortal = CFC960162755395C00B130F9 /* MubWebView.xcodeproj */;
			proxyType = 2;
			remoteGlobalIDString = CFC960062755395C00B130F9;
			remoteInfo = MubWebViewTests;
		};
		CFC9603C2755863D00B130F9 /* PBXContainerItemProxy */ = {
			isa = PBXContainerItemProxy;
			containerPortal = CFC960372755863C00B130F9 /* APSuggestions.xcodeproj */;
			proxyType = 2;
			remoteGlobalIDString = CF3DF70E25A3B29C00551093;
			remoteInfo = APSuggestions;
		};
/* End PBXContainerItemProxy section */

/* Begin PBXCopyFilesBuildPhase section */
		CFC9602F27553D0B00B130F9 /* Embed Frameworks */ = {
			isa = PBXCopyFilesBuildPhase;
			buildActionMask = 2147483647;
			dstPath = "";
			dstSubfolderSpec = 10;
			files = (
				CFD0786F2758120E001482C1 /* MubTabView.framework in Embed Frameworks */,
				CFC9602E27553D0B00B130F9 /* MubWebView.framework in Embed Frameworks */,
				CFC9603F2755867400B130F9 /* APSuggestions.framework in Embed Frameworks */,
			);
			name = "Embed Frameworks";
			runOnlyForDeploymentPostprocessing = 0;
		};
/* End PBXCopyFilesBuildPhase section */

/* Begin PBXFileReference section */
		CF0AE6B8275AE10A0031DE44 /* README.md */ = {isa = PBXFileReference; lastKnownFileType = net.daringfireball.markdown; path = README.md; sourceTree = "<group>"; };
		CF326CD527583BDD0095DA07 /* Helper.swift */ = {isa = PBXFileReference; lastKnownFileType = sourcecode.swift; path = Helper.swift; sourceTree = "<group>"; };
		CF7772C627567DE50034555A /* HoverButton.swift */ = {isa = PBXFileReference; lastKnownFileType = sourcecode.swift; path = HoverButton.swift; sourceTree = "<group>"; };
		CFB669E82756EB6C0025D140 /* MubTabView.xcodeproj */ = {isa = PBXFileReference; lastKnownFileType = "wrapper.pb-project"; name = MubTabView.xcodeproj; path = MubTabView/MubTabView.xcodeproj; sourceTree = "<group>"; };
		CFC95F98275538A800B130F9 /* Mubser.app */ = {isa = PBXFileReference; explicitFileType = wrapper.application; includeInIndex = 0; path = Mubser.app; sourceTree = BUILT_PRODUCTS_DIR; };
		CFC95F9B275538A800B130F9 /* AppDelegate.swift */ = {isa = PBXFileReference; lastKnownFileType = sourcecode.swift; path = AppDelegate.swift; sourceTree = "<group>"; };
		CFC95F9D275538AC00B130F9 /* Assets.xcassets */ = {isa = PBXFileReference; lastKnownFileType = folder.assetcatalog; path = Assets.xcassets; sourceTree = "<group>"; };
		CFC95FA0275538AC00B130F9 /* Base */ = {isa = PBXFileReference; lastKnownFileType = file.xib; name = Base; path = Base.lproj/MainMenu.xib; sourceTree = "<group>"; };
		CFC95FA2275538AC00B130F9 /* Mubser.entitlements */ = {isa = PBXFileReference; lastKnownFileType = text.plist.entitlements; path = Mubser.entitlements; sourceTree = "<group>"; };
		CFC95FA7275538AC00B130F9 /* MubserTests.xctest */ = {isa = PBXFileReference; explicitFileType = wrapper.cfbundle; includeInIndex = 0; path = MubserTests.xctest; sourceTree = BUILT_PRODUCTS_DIR; };
		CFC95FAB275538AC00B130F9 /* MubserTests.swift */ = {isa = PBXFileReference; lastKnownFileType = sourcecode.swift; path = MubserTests.swift; sourceTree = "<group>"; };
		CFC95FB1275538AC00B130F9 /* MubserUITests.xctest */ = {isa = PBXFileReference; explicitFileType = wrapper.cfbundle; includeInIndex = 0; path = MubserUITests.xctest; sourceTree = BUILT_PRODUCTS_DIR; };
		CFC95FB5275538AC00B130F9 /* MubserUITests.swift */ = {isa = PBXFileReference; lastKnownFileType = sourcecode.swift; path = MubserUITests.swift; sourceTree = "<group>"; };
		CFC95FB7275538AC00B130F9 /* MubserUITestsLaunchTests.swift */ = {isa = PBXFileReference; lastKnownFileType = sourcecode.swift; path = MubserUITestsLaunchTests.swift; sourceTree = "<group>"; };
		CFC960162755395C00B130F9 /* MubWebView.xcodeproj */ = {isa = PBXFileReference; lastKnownFileType = "wrapper.pb-project"; name = MubWebView.xcodeproj; path = MubWebView/MubWebView.xcodeproj; sourceTree = "<group>"; };
		CFC9602527553C7A00B130F9 /* MubWindowController.swift */ = {isa = PBXFileReference; lastKnownFileType = sourcecode.swift; path = MubWindowController.swift; sourceTree = "<group>"; };
		CFC9602627553C7A00B130F9 /* MubWindowController.xib */ = {isa = PBXFileReference; lastKnownFileType = file.xib; path = MubWindowController.xib; sourceTree = "<group>"; };
		CFC9602927553CA600B130F9 /* MubViewController.swift */ = {isa = PBXFileReference; lastKnownFileType = sourcecode.swift; path = MubViewController.swift; sourceTree = "<group>"; };
		CFC9602A27553CA600B130F9 /* MubViewController.xib */ = {isa = PBXFileReference; lastKnownFileType = file.xib; path = MubViewController.xib; sourceTree = "<group>"; };
		CFC960372755863C00B130F9 /* APSuggestions.xcodeproj */ = {isa = PBXFileReference; lastKnownFileType = "wrapper.pb-project"; name = APSuggestions.xcodeproj; path = APSuggestions/APSuggestions.xcodeproj; sourceTree = "<group>"; };
		CFC960402755873400B130F9 /* SearchCell.xib */ = {isa = PBXFileReference; lastKnownFileType = file.xib; path = SearchCell.xib; sourceTree = "<group>"; };
		CFD078612757F7C3001482C1 /* MubHistoryViewController.swift */ = {isa = PBXFileReference; lastKnownFileType = sourcecode.swift; path = MubHistoryViewController.swift; sourceTree = "<group>"; };
		CFD078622757F7C3001482C1 /* MubHistoryViewController.xib */ = {isa = PBXFileReference; lastKnownFileType = file.xib; path = MubHistoryViewController.xib; sourceTree = "<group>"; };
		CFF1B2D8275D13B30057CAC4 /* MubTabViewController.swift */ = {isa = PBXFileReference; lastKnownFileType = sourcecode.swift; path = MubTabViewController.swift; sourceTree = "<group>"; };
		CFF1B2D9275D13B30057CAC4 /* MubTabViewController.xib */ = {isa = PBXFileReference; lastKnownFileType = file.xib; path = MubTabViewController.xib; sourceTree = "<group>"; };
		CFF9A1F8275D26D70036C4D7 /* Image1.png */ = {isa = PBXFileReference; lastKnownFileType = image.png; path = Image1.png; sourceTree = "<group>"; };
		CFF9A1F9275D26D70036C4D7 /* Image2.png */ = {isa = PBXFileReference; lastKnownFileType = image.png; path = Image2.png; sourceTree = "<group>"; };
		ED7C55DE277A0D79004C994E /* MubSearchField.swift */ = {isa = PBXFileReference; lastKnownFileType = sourcecode.swift; path = MubSearchField.swift; sourceTree = "<group>"; };
		ED7C55E0277A1568004C994E /* GlobalVariables.swift */ = {isa = PBXFileReference; lastKnownFileType = sourcecode.swift; path = GlobalVariables.swift; sourceTree = "<group>"; };
/* End PBXFileReference section */

/* Begin PBXFrameworksBuildPhase section */
		CFC95F95275538A800B130F9 /* Frameworks */ = {
			isa = PBXFrameworksBuildPhase;
			buildActionMask = 2147483647;
			files = (
				CFD0786E2758120E001482C1 /* MubTabView.framework in Frameworks */,
				CFC9602D27553D0B00B130F9 /* MubWebView.framework in Frameworks */,
				CFC9603E2755867400B130F9 /* APSuggestions.framework in Frameworks */,
			);
			runOnlyForDeploymentPostprocessing = 0;
		};
		CFC95FA4275538AC00B130F9 /* Frameworks */ = {
			isa = PBXFrameworksBuildPhase;
			buildActionMask = 2147483647;
			files = (
			);
			runOnlyForDeploymentPostprocessing = 0;
		};
		CFC95FAE275538AC00B130F9 /* Frameworks */ = {
			isa = PBXFrameworksBuildPhase;
			buildActionMask = 2147483647;
			files = (
			);
			runOnlyForDeploymentPostprocessing = 0;
		};
/* End PBXFrameworksBuildPhase section */

/* Begin PBXGroup section */
		CF0AE6BE275AE12C0031DE44 /* Images */ = {
			isa = PBXGroup;
			children = (
				CFF9A1F8275D26D70036C4D7 /* Image1.png */,
				CFF9A1F9275D26D70036C4D7 /* Image2.png */,
			);
			path = Images;
			sourceTree = "<group>";
		};
		CF7772C227567DCF0034555A /* UI Elements */ = {
			isa = PBXGroup;
			children = (
				CF7772C627567DE50034555A /* HoverButton.swift */,
				ED7C55DE277A0D79004C994E /* MubSearchField.swift */,
			);
			path = "UI Elements";
			sourceTree = "<group>";
		};
		CFB669E92756EB6C0025D140 /* Products */ = {
			isa = PBXGroup;
			children = (
				CFB669EF2756EB6D0025D140 /* MubTabView.framework */,
				CFB669F12756EB6D0025D140 /* MubTabViewTests.xctest */,
			);
			name = Products;
			sourceTree = "<group>";
		};
		CFC95F8F275538A800B130F9 = {
			isa = PBXGroup;
			children = (
				CFC95F9A275538A800B130F9 /* Mubser */,
				CFC95FC42755392D00B130F9 /* Frameworks */,
				CFC95FAA275538AC00B130F9 /* MubserTests */,
				CFC95FB4275538AC00B130F9 /* MubserUITests */,
				CF0AE6BE275AE12C0031DE44 /* Images */,
				CF0AE6B8275AE10A0031DE44 /* README.md */,
				CFC95F99275538A800B130F9 /* Products */,
			);
			sourceTree = "<group>";
		};
		CFC95F99275538A800B130F9 /* Products */ = {
			isa = PBXGroup;
			children = (
				CFC95F98275538A800B130F9 /* Mubser.app */,
				CFC95FA7275538AC00B130F9 /* MubserTests.xctest */,
				CFC95FB1275538AC00B130F9 /* MubserUITests.xctest */,
			);
			name = Products;
			sourceTree = "<group>";
		};
		CFC95F9A275538A800B130F9 /* Mubser */ = {
			isa = PBXGroup;
			children = (
				CF326CD527583BDD0095DA07 /* Helper.swift */,
				ED7C55E0277A1568004C994E /* GlobalVariables.swift */,
				CF7772C227567DCF0034555A /* UI Elements */,
				CFC95F9B275538A800B130F9 /* AppDelegate.swift */,
				CFC95F9D275538AC00B130F9 /* Assets.xcassets */,
				CFC95F9F275538AC00B130F9 /* MainMenu.xib */,
				CFC95FA2275538AC00B130F9 /* Mubser.entitlements */,
				CFC9602527553C7A00B130F9 /* MubWindowController.swift */,
				CFC9602627553C7A00B130F9 /* MubWindowController.xib */,
				CFC9602927553CA600B130F9 /* MubViewController.swift */,
				CFC9602A27553CA600B130F9 /* MubViewController.xib */,
				CFC960402755873400B130F9 /* SearchCell.xib */,
				CFD078612757F7C3001482C1 /* MubHistoryViewController.swift */,
				CFD078622757F7C3001482C1 /* MubHistoryViewController.xib */,
				CFF1B2D8275D13B30057CAC4 /* MubTabViewController.swift */,
				CFF1B2D9275D13B30057CAC4 /* MubTabViewController.xib */,
			);
			path = Mubser;
			sourceTree = "<group>";
		};
		CFC95FAA275538AC00B130F9 /* MubserTests */ = {
			isa = PBXGroup;
			children = (
				CFC95FAB275538AC00B130F9 /* MubserTests.swift */,
			);
			path = MubserTests;
			sourceTree = "<group>";
		};
		CFC95FB4275538AC00B130F9 /* MubserUITests */ = {
			isa = PBXGroup;
			children = (
				CFC95FB5275538AC00B130F9 /* MubserUITests.swift */,
				CFC95FB7275538AC00B130F9 /* MubserUITestsLaunchTests.swift */,
			);
			path = MubserUITests;
			sourceTree = "<group>";
		};
		CFC95FC42755392D00B130F9 /* Frameworks */ = {
			isa = PBXGroup;
			children = (
				CFB669E82756EB6C0025D140 /* MubTabView.xcodeproj */,
				CFC960162755395C00B130F9 /* MubWebView.xcodeproj */,
				CFC960372755863C00B130F9 /* APSuggestions.xcodeproj */,
			);
			path = Frameworks;
			sourceTree = "<group>";
		};
		CFC960172755395C00B130F9 /* Products */ = {
			isa = PBXGroup;
			children = (
				CFC9601C2755395D00B130F9 /* MubWebView.framework */,
				CFC9601E2755395D00B130F9 /* MubWebViewTests.xctest */,
			);
			name = Products;
			sourceTree = "<group>";
		};
		CFC960382755863C00B130F9 /* Products */ = {
			isa = PBXGroup;
			children = (
				CFC9603D2755863D00B130F9 /* APSuggestions.framework */,
			);
			name = Products;
			sourceTree = "<group>";
		};
/* End PBXGroup section */

/* Begin PBXNativeTarget section */
		CFC95F97275538A800B130F9 /* Mubser */ = {
			isa = PBXNativeTarget;
			buildConfigurationList = CFC95FBB275538AC00B130F9 /* Build configuration list for PBXNativeTarget "Mubser" */;
			buildPhases = (
				CFC95F94275538A800B130F9 /* Sources */,
				CFC95F95275538A800B130F9 /* Frameworks */,
				CFC95F96275538A800B130F9 /* Resources */,
				CFC9602F27553D0B00B130F9 /* Embed Frameworks */,
			);
			buildRules = (
			);
			dependencies = (
			);
			name = Mubser;
			productName = Mubser;
			productReference = CFC95F98275538A800B130F9 /* Mubser.app */;
			productType = "com.apple.product-type.application";
		};
		CFC95FA6275538AC00B130F9 /* MubserTests */ = {
			isa = PBXNativeTarget;
			buildConfigurationList = CFC95FBE275538AC00B130F9 /* Build configuration list for PBXNativeTarget "MubserTests" */;
			buildPhases = (
				CFC95FA3275538AC00B130F9 /* Sources */,
				CFC95FA4275538AC00B130F9 /* Frameworks */,
				CFC95FA5275538AC00B130F9 /* Resources */,
			);
			buildRules = (
			);
			dependencies = (
				CFC95FA9275538AC00B130F9 /* PBXTargetDependency */,
			);
			name = MubserTests;
			productName = MubserTests;
			productReference = CFC95FA7275538AC00B130F9 /* MubserTests.xctest */;
			productType = "com.apple.product-type.bundle.unit-test";
		};
		CFC95FB0275538AC00B130F9 /* MubserUITests */ = {
			isa = PBXNativeTarget;
			buildConfigurationList = CFC95FC1275538AC00B130F9 /* Build configuration list for PBXNativeTarget "MubserUITests" */;
			buildPhases = (
				CFC95FAD275538AC00B130F9 /* Sources */,
				CFC95FAE275538AC00B130F9 /* Frameworks */,
				CFC95FAF275538AC00B130F9 /* Resources */,
			);
			buildRules = (
			);
			dependencies = (
				CFC95FB3275538AC00B130F9 /* PBXTargetDependency */,
			);
			name = MubserUITests;
			productName = MubserUITests;
			productReference = CFC95FB1275538AC00B130F9 /* MubserUITests.xctest */;
			productType = "com.apple.product-type.bundle.ui-testing";
		};
/* End PBXNativeTarget section */

/* Begin PBXProject section */
		CFC95F90275538A800B130F9 /* Project object */ = {
			isa = PBXProject;
			attributes = {
				BuildIndependentTargetsInParallel = 1;
				LastSwiftUpdateCheck = 1310;
				LastUpgradeCheck = 1320;
				TargetAttributes = {
					CFC95F97275538A800B130F9 = {
						CreatedOnToolsVersion = 13.1;
					};
					CFC95FA6275538AC00B130F9 = {
						CreatedOnToolsVersion = 13.1;
						TestTargetID = CFC95F97275538A800B130F9;
					};
					CFC95FB0275538AC00B130F9 = {
						CreatedOnToolsVersion = 13.1;
						TestTargetID = CFC95F97275538A800B130F9;
					};
				};
			};
			buildConfigurationList = CFC95F93275538A800B130F9 /* Build configuration list for PBXProject "Mubser" */;
			compatibilityVersion = "Xcode 13.0";
			developmentRegion = en;
			hasScannedForEncodings = 0;
			knownRegions = (
				en,
				Base,
			);
			mainGroup = CFC95F8F275538A800B130F9;
			productRefGroup = CFC95F99275538A800B130F9 /* Products */;
			projectDirPath = "";
			projectReferences = (
				{
					ProductGroup = CFC960382755863C00B130F9 /* Products */;
					ProjectRef = CFC960372755863C00B130F9 /* APSuggestions.xcodeproj */;
				},
				{
					ProductGroup = CFB669E92756EB6C0025D140 /* Products */;
					ProjectRef = CFB669E82756EB6C0025D140 /* MubTabView.xcodeproj */;
				},
				{
					ProductGroup = CFC960172755395C00B130F9 /* Products */;
					ProjectRef = CFC960162755395C00B130F9 /* MubWebView.xcodeproj */;
				},
			);
			projectRoot = "";
			targets = (
				CFC95F97275538A800B130F9 /* Mubser */,
				CFC95FA6275538AC00B130F9 /* MubserTests */,
				CFC95FB0275538AC00B130F9 /* MubserUITests */,
			);
		};
/* End PBXProject section */

/* Begin PBXReferenceProxy section */
		CFB669EF2756EB6D0025D140 /* MubTabView.framework */ = {
			isa = PBXReferenceProxy;
			fileType = wrapper.framework;
			path = MubTabView.framework;
			remoteRef = CFB669EE2756EB6D0025D140 /* PBXContainerItemProxy */;
			sourceTree = BUILT_PRODUCTS_DIR;
		};
		CFB669F12756EB6D0025D140 /* MubTabViewTests.xctest */ = {
			isa = PBXReferenceProxy;
			fileType = wrapper.cfbundle;
			path = MubTabViewTests.xctest;
			remoteRef = CFB669F02756EB6D0025D140 /* PBXContainerItemProxy */;
			sourceTree = BUILT_PRODUCTS_DIR;
		};
		CFC9601C2755395D00B130F9 /* MubWebView.framework */ = {
			isa = PBXReferenceProxy;
			fileType = wrapper.framework;
			path = MubWebView.framework;
			remoteRef = CFC9601B2755395D00B130F9 /* PBXContainerItemProxy */;
			sourceTree = BUILT_PRODUCTS_DIR;
		};
		CFC9601E2755395D00B130F9 /* MubWebViewTests.xctest */ = {
			isa = PBXReferenceProxy;
			fileType = wrapper.cfbundle;
			path = MubWebViewTests.xctest;
			remoteRef = CFC9601D2755395D00B130F9 /* PBXContainerItemProxy */;
			sourceTree = BUILT_PRODUCTS_DIR;
		};
		CFC9603D2755863D00B130F9 /* APSuggestions.framework */ = {
			isa = PBXReferenceProxy;
			fileType = wrapper.framework;
			path = APSuggestions.framework;
			remoteRef = CFC9603C2755863D00B130F9 /* PBXContainerItemProxy */;
			sourceTree = BUILT_PRODUCTS_DIR;
		};
/* End PBXReferenceProxy section */

/* Begin PBXResourcesBuildPhase section */
		CFC95F96275538A800B130F9 /* Resources */ = {
			isa = PBXResourcesBuildPhase;
			buildActionMask = 2147483647;
			files = (
				CFD078642757F7C3001482C1 /* MubHistoryViewController.xib in Resources */,
				CFC960412755873400B130F9 /* SearchCell.xib in Resources */,
				CFF1B2DB275D13B30057CAC4 /* MubTabViewController.xib in Resources */,
				CFC95F9E275538AC00B130F9 /* Assets.xcassets in Resources */,
				CFF9A1FA275D26D70036C4D7 /* Image1.png in Resources */,
				CFF9A1FB275D26D70036C4D7 /* Image2.png in Resources */,
				CFC9602C27553CA600B130F9 /* MubViewController.xib in Resources */,
				CFC9602827553C7A00B130F9 /* MubWindowController.xib in Resources */,
				CFC95FA1275538AC00B130F9 /* MainMenu.xib in Resources */,
			);
			runOnlyForDeploymentPostprocessing = 0;
		};
		CFC95FA5275538AC00B130F9 /* Resources */ = {
			isa = PBXResourcesBuildPhase;
			buildActionMask = 2147483647;
			files = (
			);
			runOnlyForDeploymentPostprocessing = 0;
		};
		CFC95FAF275538AC00B130F9 /* Resources */ = {
			isa = PBXResourcesBuildPhase;
			buildActionMask = 2147483647;
			files = (
			);
			runOnlyForDeploymentPostprocessing = 0;
		};
/* End PBXResourcesBuildPhase section */

/* Begin PBXSourcesBuildPhase section */
		CFC95F94275538A800B130F9 /* Sources */ = {
			isa = PBXSourcesBuildPhase;
			buildActionMask = 2147483647;
			files = (
				CF7772C727567DE50034555A /* HoverButton.swift in Sources */,
				CFD078632757F7C3001482C1 /* MubHistoryViewController.swift in Sources */,
				ED7C55DF277A0D79004C994E /* MubSearchField.swift in Sources */,
				CFC9602727553C7A00B130F9 /* MubWindowController.swift in Sources */,
				ED7C55E1277A1568004C994E /* GlobalVariables.swift in Sources */,
				CFC95F9C275538A800B130F9 /* AppDelegate.swift in Sources */,
				CFC9602B27553CA600B130F9 /* MubViewController.swift in Sources */,
				CF326CD627583BDD0095DA07 /* Helper.swift in Sources */,
				CFF1B2DA275D13B30057CAC4 /* MubTabViewController.swift in Sources */,
			);
			runOnlyForDeploymentPostprocessing = 0;
		};
		CFC95FA3275538AC00B130F9 /* Sources */ = {
			isa = PBXSourcesBuildPhase;
			buildActionMask = 2147483647;
			files = (
				CFC95FAC275538AC00B130F9 /* MubserTests.swift in Sources */,
			);
			runOnlyForDeploymentPostprocessing = 0;
		};
		CFC95FAD275538AC00B130F9 /* Sources */ = {
			isa = PBXSourcesBuildPhase;
			buildActionMask = 2147483647;
			files = (
				CFC95FB8275538AC00B130F9 /* MubserUITestsLaunchTests.swift in Sources */,
				CFC95FB6275538AC00B130F9 /* MubserUITests.swift in Sources */,
			);
			runOnlyForDeploymentPostprocessing = 0;
		};
/* End PBXSourcesBuildPhase section */

/* Begin PBXTargetDependency section */
		CFC95FA9275538AC00B130F9 /* PBXTargetDependency */ = {
			isa = PBXTargetDependency;
			target = CFC95F97275538A800B130F9 /* Mubser */;
			targetProxy = CFC95FA8275538AC00B130F9 /* PBXContainerItemProxy */;
		};
		CFC95FB3275538AC00B130F9 /* PBXTargetDependency */ = {
			isa = PBXTargetDependency;
			target = CFC95F97275538A800B130F9 /* Mubser */;
			targetProxy = CFC95FB2275538AC00B130F9 /* PBXContainerItemProxy */;
		};
/* End PBXTargetDependency section */

/* Begin PBXVariantGroup section */
		CFC95F9F275538AC00B130F9 /* MainMenu.xib */ = {
			isa = PBXVariantGroup;
			children = (
				CFC95FA0275538AC00B130F9 /* Base */,
			);
			name = MainMenu.xib;
			sourceTree = "<group>";
		};
/* End PBXVariantGroup section */

/* Begin XCBuildConfiguration section */
		CFC95FB9275538AC00B130F9 /* Debug */ = {
			isa = XCBuildConfiguration;
			buildSettings = {
				ALWAYS_SEARCH_USER_PATHS = NO;
				CLANG_ANALYZER_NONNULL = YES;
				CLANG_ANALYZER_NUMBER_OBJECT_CONVERSION = YES_AGGRESSIVE;
				CLANG_CXX_LANGUAGE_STANDARD = "gnu++17";
				CLANG_CXX_LIBRARY = "libc++";
				CLANG_ENABLE_MODULES = YES;
				CLANG_ENABLE_OBJC_ARC = YES;
				CLANG_ENABLE_OBJC_WEAK = YES;
				CLANG_WARN_BLOCK_CAPTURE_AUTORELEASING = YES;
				CLANG_WARN_BOOL_CONVERSION = YES;
				CLANG_WARN_COMMA = YES;
				CLANG_WARN_CONSTANT_CONVERSION = YES;
				CLANG_WARN_DEPRECATED_OBJC_IMPLEMENTATIONS = YES;
				CLANG_WARN_DIRECT_OBJC_ISA_USAGE = YES_ERROR;
				CLANG_WARN_DOCUMENTATION_COMMENTS = YES;
				CLANG_WARN_EMPTY_BODY = YES;
				CLANG_WARN_ENUM_CONVERSION = YES;
				CLANG_WARN_INFINITE_RECURSION = YES;
				CLANG_WARN_INT_CONVERSION = YES;
				CLANG_WARN_NON_LITERAL_NULL_CONVERSION = YES;
				CLANG_WARN_OBJC_IMPLICIT_RETAIN_SELF = YES;
				CLANG_WARN_OBJC_LITERAL_CONVERSION = YES;
				CLANG_WARN_OBJC_ROOT_CLASS = YES_ERROR;
				CLANG_WARN_QUOTED_INCLUDE_IN_FRAMEWORK_HEADER = YES;
				CLANG_WARN_RANGE_LOOP_ANALYSIS = YES;
				CLANG_WARN_STRICT_PROTOTYPES = YES;
				CLANG_WARN_SUSPICIOUS_MOVE = YES;
				CLANG_WARN_UNGUARDED_AVAILABILITY = YES_AGGRESSIVE;
				CLANG_WARN_UNREACHABLE_CODE = YES;
				CLANG_WARN__DUPLICATE_METHOD_MATCH = YES;
				COPY_PHASE_STRIP = NO;
				DEBUG_INFORMATION_FORMAT = dwarf;
				ENABLE_STRICT_OBJC_MSGSEND = YES;
				ENABLE_TESTABILITY = YES;
				GCC_C_LANGUAGE_STANDARD = gnu11;
				GCC_DYNAMIC_NO_PIC = NO;
				GCC_NO_COMMON_BLOCKS = YES;
				GCC_OPTIMIZATION_LEVEL = 0;
				GCC_PREPROCESSOR_DEFINITIONS = (
					"DEBUG=1",
					"$(inherited)",
				);
				GCC_WARN_64_TO_32_BIT_CONVERSION = YES;
				GCC_WARN_ABOUT_RETURN_TYPE = YES_ERROR;
				GCC_WARN_UNDECLARED_SELECTOR = YES;
				GCC_WARN_UNINITIALIZED_AUTOS = YES_AGGRESSIVE;
				GCC_WARN_UNUSED_FUNCTION = YES;
				GCC_WARN_UNUSED_VARIABLE = YES;
				MACOSX_DEPLOYMENT_TARGET = 10.14;
				MTL_ENABLE_DEBUG_INFO = INCLUDE_SOURCE;
				MTL_FAST_MATH = YES;
				ONLY_ACTIVE_ARCH = YES;
				SDKROOT = macosx;
				SWIFT_ACTIVE_COMPILATION_CONDITIONS = DEBUG;
				SWIFT_OPTIMIZATION_LEVEL = "-Onone";
			};
			name = Debug;
		};
		CFC95FBA275538AC00B130F9 /* Release */ = {
			isa = XCBuildConfiguration;
			buildSettings = {
				ALWAYS_SEARCH_USER_PATHS = NO;
				CLANG_ANALYZER_NONNULL = YES;
				CLANG_ANALYZER_NUMBER_OBJECT_CONVERSION = YES_AGGRESSIVE;
				CLANG_CXX_LANGUAGE_STANDARD = "gnu++17";
				CLANG_CXX_LIBRARY = "libc++";
				CLANG_ENABLE_MODULES = YES;
				CLANG_ENABLE_OBJC_ARC = YES;
				CLANG_ENABLE_OBJC_WEAK = YES;
				CLANG_WARN_BLOCK_CAPTURE_AUTORELEASING = YES;
				CLANG_WARN_BOOL_CONVERSION = YES;
				CLANG_WARN_COMMA = YES;
				CLANG_WARN_CONSTANT_CONVERSION = YES;
				CLANG_WARN_DEPRECATED_OBJC_IMPLEMENTATIONS = YES;
				CLANG_WARN_DIRECT_OBJC_ISA_USAGE = YES_ERROR;
				CLANG_WARN_DOCUMENTATION_COMMENTS = YES;
				CLANG_WARN_EMPTY_BODY = YES;
				CLANG_WARN_ENUM_CONVERSION = YES;
				CLANG_WARN_INFINITE_RECURSION = YES;
				CLANG_WARN_INT_CONVERSION = YES;
				CLANG_WARN_NON_LITERAL_NULL_CONVERSION = YES;
				CLANG_WARN_OBJC_IMPLICIT_RETAIN_SELF = YES;
				CLANG_WARN_OBJC_LITERAL_CONVERSION = YES;
				CLANG_WARN_OBJC_ROOT_CLASS = YES_ERROR;
				CLANG_WARN_QUOTED_INCLUDE_IN_FRAMEWORK_HEADER = YES;
				CLANG_WARN_RANGE_LOOP_ANALYSIS = YES;
				CLANG_WARN_STRICT_PROTOTYPES = YES;
				CLANG_WARN_SUSPICIOUS_MOVE = YES;
				CLANG_WARN_UNGUARDED_AVAILABILITY = YES_AGGRESSIVE;
				CLANG_WARN_UNREACHABLE_CODE = YES;
				CLANG_WARN__DUPLICATE_METHOD_MATCH = YES;
				COPY_PHASE_STRIP = NO;
				DEBUG_INFORMATION_FORMAT = "dwarf-with-dsym";
				ENABLE_NS_ASSERTIONS = NO;
				ENABLE_STRICT_OBJC_MSGSEND = YES;
				GCC_C_LANGUAGE_STANDARD = gnu11;
				GCC_NO_COMMON_BLOCKS = YES;
				GCC_WARN_64_TO_32_BIT_CONVERSION = YES;
				GCC_WARN_ABOUT_RETURN_TYPE = YES_ERROR;
				GCC_WARN_UNDECLARED_SELECTOR = YES;
				GCC_WARN_UNINITIALIZED_AUTOS = YES_AGGRESSIVE;
				GCC_WARN_UNUSED_FUNCTION = YES;
				GCC_WARN_UNUSED_VARIABLE = YES;
				MACOSX_DEPLOYMENT_TARGET = 10.14;
				MTL_ENABLE_DEBUG_INFO = NO;
				MTL_FAST_MATH = YES;
				SDKROOT = macosx;
				SWIFT_COMPILATION_MODE = wholemodule;
				SWIFT_OPTIMIZATION_LEVEL = "-O";
			};
			name = Release;
		};
		CFC95FBC275538AC00B130F9 /* Debug */ = {
			isa = XCBuildConfiguration;
			buildSettings = {
				ASSETCATALOG_COMPILER_APPICON_NAME = AppIcon;
				ASSETCATALOG_COMPILER_GLOBAL_ACCENT_COLOR_NAME = AccentColor;
				CODE_SIGN_ENTITLEMENTS = Mubser/Mubser.entitlements;
				CODE_SIGN_IDENTITY = "Apple Development";
				CODE_SIGN_STYLE = Automatic;
				COMBINE_HIDPI_IMAGES = YES;
				CURRENT_PROJECT_VERSION = 1;
				DEVELOPMENT_TEAM = B29PGN9AG4;
				ENABLE_HARDENED_RUNTIME = NO;
				GENERATE_INFOPLIST_FILE = YES;
				INFOPLIST_KEY_NSCameraUsageDescription = "We need acess to camera";
				INFOPLIST_KEY_NSHumanReadableCopyright = "Copyright © 2021 Ashwin Paudel. All rights reserved.";
				INFOPLIST_KEY_NSMainNibFile = MainMenu;
				INFOPLIST_KEY_NSMicrophoneUsageDescription = "We need acess to microphone";
				INFOPLIST_KEY_NSPrincipalClass = NSApplication;
				LD_RUNPATH_SEARCH_PATHS = (
					"$(inherited)",
					"@executable_path/../Frameworks",
				);
				MACOSX_DEPLOYMENT_TARGET = 10.14;
				MARKETING_VERSION = 1.0;
				PRODUCT_BUNDLE_IDENTIFIER = com.ashwin.Mubser;
				PRODUCT_NAME = "$(TARGET_NAME)";
				SWIFT_EMIT_LOC_STRINGS = YES;
				SWIFT_VERSION = 5.0;
			};
			name = Debug;
		};
		CFC95FBD275538AC00B130F9 /* Release */ = {
			isa = XCBuildConfiguration;
			buildSettings = {
				ASSETCATALOG_COMPILER_APPICON_NAME = AppIcon;
				ASSETCATALOG_COMPILER_GLOBAL_ACCENT_COLOR_NAME = AccentColor;
				CODE_SIGN_ENTITLEMENTS = Mubser/Mubser.entitlements;
				CODE_SIGN_IDENTITY = "Apple Development";
				CODE_SIGN_STYLE = Automatic;
				COMBINE_HIDPI_IMAGES = YES;
				CURRENT_PROJECT_VERSION = 1;
				DEVELOPMENT_TEAM = B29PGN9AG4;
				ENABLE_HARDENED_RUNTIME = NO;
				GENERATE_INFOPLIST_FILE = YES;
				INFOPLIST_KEY_NSCameraUsageDescription = "We need acess to camera";
				INFOPLIST_KEY_NSHumanReadableCopyright = "Copyright © 2021 Ashwin Paudel. All rights reserved.";
				INFOPLIST_KEY_NSMainNibFile = MainMenu;
				INFOPLIST_KEY_NSMicrophoneUsageDescription = "We need acess to microphone";
				INFOPLIST_KEY_NSPrincipalClass = NSApplication;
				LD_RUNPATH_SEARCH_PATHS = (
					"$(inherited)",
					"@executable_path/../Frameworks",
				);
				MACOSX_DEPLOYMENT_TARGET = 10.14;
				MARKETING_VERSION = 1.0;
				PRODUCT_BUNDLE_IDENTIFIER = com.ashwin.Mubser;
				PRODUCT_NAME = "$(TARGET_NAME)";
				SWIFT_EMIT_LOC_STRINGS = YES;
				SWIFT_VERSION = 5.0;
			};
			name = Release;
		};
		CFC95FBF275538AC00B130F9 /* Debug */ = {
			isa = XCBuildConfiguration;
			buildSettings = {
				ALWAYS_EMBED_SWIFT_STANDARD_LIBRARIES = YES;
				BUNDLE_LOADER = "$(TEST_HOST)";
				CODE_SIGN_STYLE = Automatic;
				COMBINE_HIDPI_IMAGES = YES;
				CURRENT_PROJECT_VERSION = 1;
				DEVELOPMENT_TEAM = B29PGN9AG4;
				GENERATE_INFOPLIST_FILE = YES;
				LD_RUNPATH_SEARCH_PATHS = (
					"$(inherited)",
					"@executable_path/../Frameworks",
					"@loader_path/../Frameworks",
				);
				MACOSX_DEPLOYMENT_TARGET = 11.6;
				MARKETING_VERSION = 1.0;
				PRODUCT_BUNDLE_IDENTIFIER = com.ashwin.MubserTests;
				PRODUCT_NAME = "$(TARGET_NAME)";
				SWIFT_EMIT_LOC_STRINGS = NO;
				SWIFT_VERSION = 5.0;
				TEST_HOST = "$(BUILT_PRODUCTS_DIR)/Mubser.app/Contents/MacOS/Mubser";
			};
			name = Debug;
		};
		CFC95FC0275538AC00B130F9 /* Release */ = {
			isa = XCBuildConfiguration;
			buildSettings = {
				ALWAYS_EMBED_SWIFT_STANDARD_LIBRARIES = YES;
				BUNDLE_LOADER = "$(TEST_HOST)";
				CODE_SIGN_STYLE = Automatic;
				COMBINE_HIDPI_IMAGES = YES;
				CURRENT_PROJECT_VERSION = 1;
				DEVELOPMENT_TEAM = B29PGN9AG4;
				GENERATE_INFOPLIST_FILE = YES;
				LD_RUNPATH_SEARCH_PATHS = (
					"$(inherited)",
					"@executable_path/../Frameworks",
					"@loader_path/../Frameworks",
				);
				MACOSX_DEPLOYMENT_TARGET = 11.6;
				MARKETING_VERSION = 1.0;
				PRODUCT_BUNDLE_IDENTIFIER = com.ashwin.MubserTests;
				PRODUCT_NAME = "$(TARGET_NAME)";
				SWIFT_EMIT_LOC_STRINGS = NO;
				SWIFT_VERSION = 5.0;
				TEST_HOST = "$(BUILT_PRODUCTS_DIR)/Mubser.app/Contents/MacOS/Mubser";
			};
			name = Release;
		};
		CFC95FC2275538AC00B130F9 /* Debug */ = {
			isa = XCBuildConfiguration;
			buildSettings = {
				ALWAYS_EMBED_SWIFT_STANDARD_LIBRARIES = YES;
				CODE_SIGN_STYLE = Automatic;
				COMBINE_HIDPI_IMAGES = YES;
				CURRENT_PROJECT_VERSION = 1;
				DEVELOPMENT_TEAM = B29PGN9AG4;
				GENERATE_INFOPLIST_FILE = YES;
				LD_RUNPATH_SEARCH_PATHS = (
					"$(inherited)",
					"@executable_path/../Frameworks",
					"@loader_path/../Frameworks",
				);
				MARKETING_VERSION = 1.0;
				PRODUCT_BUNDLE_IDENTIFIER = com.ashwin.MubserUITests;
				PRODUCT_NAME = "$(TARGET_NAME)";
				SWIFT_EMIT_LOC_STRINGS = NO;
				SWIFT_VERSION = 5.0;
				TEST_TARGET_NAME = Mubser;
			};
			name = Debug;
		};
		CFC95FC3275538AC00B130F9 /* Release */ = {
			isa = XCBuildConfiguration;
			buildSettings = {
				ALWAYS_EMBED_SWIFT_STANDARD_LIBRARIES = YES;
				CODE_SIGN_STYLE = Automatic;
				COMBINE_HIDPI_IMAGES = YES;
				CURRENT_PROJECT_VERSION = 1;
				DEVELOPMENT_TEAM = B29PGN9AG4;
				GENERATE_INFOPLIST_FILE = YES;
				LD_RUNPATH_SEARCH_PATHS = (
					"$(inherited)",
					"@executable_path/../Frameworks",
					"@loader_path/../Frameworks",
				);
				MARKETING_VERSION = 1.0;
				PRODUCT_BUNDLE_IDENTIFIER = com.ashwin.MubserUITests;
				PRODUCT_NAME = "$(TARGET_NAME)";
				SWIFT_EMIT_LOC_STRINGS = NO;
				SWIFT_VERSION = 5.0;
				TEST_TARGET_NAME = Mubser;
			};
			name = Release;
		};
/* End XCBuildConfiguration section */

/* Begin XCConfigurationList section */
		CFC95F93275538A800B130F9 /* Build configuration list for PBXProject "Mubser" */ = {
			isa = XCConfigurationList;
			buildConfigurations = (
				CFC95FB9275538AC00B130F9 /* Debug */,
				CFC95FBA275538AC00B130F9 /* Release */,
			);
			defaultConfigurationIsVisible = 0;
			defaultConfigurationName = Release;
		};
		CFC95FBB275538AC00B130F9 /* Build configuration list for PBXNativeTarget "Mubser" */ = {
			isa = XCConfigurationList;
			buildConfigurations = (
				CFC95FBC275538AC00B130F9 /* Debug */,
				CFC95FBD275538AC00B130F9 /* Release */,
			);
			defaultConfigurationIsVisible = 0;
			defaultConfigurationName = Release;
		};
		CFC95FBE275538AC00B130F9 /* Build configuration list for PBXNativeTarget "MubserTests" */ = {
			isa = XCConfigurationList;
			buildConfigurations = (
				CFC95FBF275538AC00B130F9 /* Debug */,
				CFC95FC0275538AC00B130F9 /* Release */,
			);
			defaultConfigurationIsVisible = 0;
			defaultConfigurationName = Release;
		};
		CFC95FC1275538AC00B130F9 /* Build configuration list for PBXNativeTarget "MubserUITests" */ = {
			isa = XCConfigurationList;
			buildConfigurations = (
				CFC95FC2275538AC00B130F9 /* Debug */,
				CFC95FC3275538AC00B130F9 /* Release */,
			);
			defaultConfigurationIsVisible = 0;
			defaultConfigurationName = Release;
		};
/* End XCConfigurationList section */
	};
	rootObject = CFC95F90275538A800B130F9 /* Project object */;
}
