// !$*UTF8*$!
{
	archiveVersion = 1;
	classes = {
	};
	objectVersion = 55;
	objects = {

/* Begin PBXBuildFile section */
		CF5BB36D275AC9B600BFA6FD /* MubTabView.swift in Sources */ = {isa = PBXBuildFile; fileRef = CF5BB368275AC9B600BFA6FD /* MubTabView.swift */; };
		CFB669D32756EB6B0025D140 /* MubTabView.docc in Sources */ = {isa = PBXBuildFile; fileRef = CFB669D22756EB6B0025D140 /* MubTabView.docc */; };
		CFB669D92756EB6C0025D140 /* MubTabView.framework in Frameworks */ = {isa = PBXBuildFile; fileRef = CFB669CE2756EB6B0025D140 /* MubTabView.framework */; };
		CFB669DE2756EB6C0025D140 /* MubTabViewTests.swift in Sources */ = {isa = PBXBuildFile; fileRef = CFB669DD2756EB6C0025D140 /* MubTabViewTests.swift */; };
		CFB669DF2756EB6C0025D140 /* MubTabView.h in Headers */ = {isa = PBXBuildFile; fileRef = CFB669D12756EB6B0025D140 /* MubTabView.h */; settings = {ATTRIBUTES = (Public, ); }; };
		CFF1B2D0275D12E30057CAC4 /* MubTabViewController.swift in Sources */ = {isa = PBXBuildFile; fileRef = CFF1B2CE275D12E30057CAC4 /* MubTabViewController.swift */; };
		CFF1B2D1275D12E30057CAC4 /* MubTabViewController.xib in Resources */ = {isa = PBXBuildFile; fileRef = CFF1B2CF275D12E30057CAC4 /* MubTabViewController.xib */; };
/* End PBXBuildFile section */

/* Begin PBXContainerItemProxy section */
		CFB669DA2756EB6C0025D140 /* PBXContainerItemProxy */ = {
			isa = PBXContainerItemProxy;
			containerPortal = CFB669C52756EB6B0025D140 /* Project object */;
			proxyType = 1;
			remoteGlobalIDString = CFB669CD2756EB6B0025D140;
			remoteInfo = MubTabView;
		};
/* End PBXContainerItemProxy section */

/* Begin PBXFileReference section */
		CF5BB368275AC9B600BFA6FD /* MubTabView.swift */ = {isa = PBXFileReference; fileEncoding = 4; lastKnownFileType = sourcecode.swift; path = MubTabView.swift; sourceTree = "<group>"; };
		CFB669CE2756EB6B0025D140 /* MubTabView.framework */ = {isa = PBXFileReference; explicitFileType = wrapper.framework; includeInIndex = 0; path = MubTabView.framework; sourceTree = BUILT_PRODUCTS_DIR; };
		CFB669D12756EB6B0025D140 /* MubTabView.h */ = {isa = PBXFileReference; lastKnownFileType = sourcecode.c.h; path = MubTabView.h; sourceTree = "<group>"; };
		CFB669D22756EB6B0025D140 /* MubTabView.docc */ = {isa = PBXFileReference; lastKnownFileType = folder.documentationcatalog; path = MubTabView.docc; sourceTree = "<group>"; };
		CFB669D82756EB6C0025D140 /* MubTabViewTests.xctest */ = {isa = PBXFileReference; explicitFileType = wrapper.cfbundle; includeInIndex = 0; path = MubTabViewTests.xctest; sourceTree = BUILT_PRODUCTS_DIR; };
		CFB669DD2756EB6C0025D140 /* MubTabViewTests.swift */ = {isa = PBXFileReference; lastKnownFileType = sourcecode.swift; path = MubTabViewTests.swift; sourceTree = "<group>"; };
		CFF1B2CE275D12E30057CAC4 /* MubTabViewController.swift */ = {isa = PBXFileReference; lastKnownFileType = sourcecode.swift; path = MubTabViewController.swift; sourceTree = "<group>"; };
		CFF1B2CF275D12E30057CAC4 /* MubTabViewController.xib */ = {isa = PBXFileReference; lastKnownFileType = file.xib; path = MubTabViewController.xib; sourceTree = "<group>"; };
/* End PBXFileReference section */

/* Begin PBXFrameworksBuildPhase section */
		CFB669CB2756EB6B0025D140 /* Frameworks */ = {
			isa = PBXFrameworksBuildPhase;
			buildActionMask = 2147483647;
			files = (
			);
			runOnlyForDeploymentPostprocessing = 0;
		};
		CFB669D52756EB6C0025D140 /* Frameworks */ = {
			isa = PBXFrameworksBuildPhase;
			buildActionMask = 2147483647;
			files = (
				CFB669D92756EB6C0025D140 /* MubTabView.framework in Frameworks */,
			);
			runOnlyForDeploymentPostprocessing = 0;
		};
/* End PBXFrameworksBuildPhase section */

/* Begin PBXGroup section */
		CFB669C42756EB6B0025D140 = {
			isa = PBXGroup;
			children = (
				CFB669D02756EB6B0025D140 /* MubTabView */,
				CFB669DC2756EB6C0025D140 /* MubTabViewTests */,
				CFB669CF2756EB6B0025D140 /* Products */,
			);
			sourceTree = "<group>";
		};
		CFB669CF2756EB6B0025D140 /* Products */ = {
			isa = PBXGroup;
			children = (
				CFB669CE2756EB6B0025D140 /* MubTabView.framework */,
				CFB669D82756EB6C0025D140 /* MubTabViewTests.xctest */,
			);
			name = Products;
			sourceTree = "<group>";
		};
		CFB669D02756EB6B0025D140 /* MubTabView */ = {
			isa = PBXGroup;
			children = (
				CF5BB368275AC9B600BFA6FD /* MubTabView.swift */,
				CFB669D12756EB6B0025D140 /* MubTabView.h */,
				CFB669D22756EB6B0025D140 /* MubTabView.docc */,
				CFF1B2CE275D12E30057CAC4 /* MubTabViewController.swift */,
				CFF1B2CF275D12E30057CAC4 /* MubTabViewController.xib */,
			);
			path = MubTabView;
			sourceTree = "<group>";
		};
		CFB669DC2756EB6C0025D140 /* MubTabViewTests */ = {
			isa = PBXGroup;
			children = (
				CFB669DD2756EB6C0025D140 /* MubTabViewTests.swift */,
			);
			path = MubTabViewTests;
			sourceTree = "<group>";
		};
/* End PBXGroup section */

/* Begin PBXHeadersBuildPhase section */
		CFB669C92756EB6B0025D140 /* Headers */ = {
			isa = PBXHeadersBuildPhase;
			buildActionMask = 2147483647;
			files = (
				CFB669DF2756EB6C0025D140 /* MubTabView.h in Headers */,
			);
			runOnlyForDeploymentPostprocessing = 0;
		};
/* End PBXHeadersBuildPhase section */

/* Begin PBXNativeTarget section */
		CFB669CD2756EB6B0025D140 /* MubTabView */ = {
			isa = PBXNativeTarget;
			buildConfigurationList = CFB669E22756EB6C0025D140 /* Build configuration list for PBXNativeTarget "MubTabView" */;
			buildPhases = (
				CFB669C92756EB6B0025D140 /* Headers */,
				CFB669CA2756EB6B0025D140 /* Sources */,
				CFB669CB2756EB6B0025D140 /* Frameworks */,
				CFB669CC2756EB6B0025D140 /* Resources */,
			);
			buildRules = (
			);
			dependencies = (
			);
			name = MubTabView;
			productName = MubTabView;
			productReference = CFB669CE2756EB6B0025D140 /* MubTabView.framework */;
			productType = "com.apple.product-type.framework";
		};
		CFB669D72756EB6C0025D140 /* MubTabViewTests */ = {
			isa = PBXNativeTarget;
			buildConfigurationList = CFB669E52756EB6C0025D140 /* Build configuration list for PBXNativeTarget "MubTabViewTests" */;
			buildPhases = (
				CFB669D42756EB6C0025D140 /* Sources */,
				CFB669D52756EB6C0025D140 /* Frameworks */,
				CFB669D62756EB6C0025D140 /* Resources */,
			);
			buildRules = (
			);
			dependencies = (
				CFB669DB2756EB6C0025D140 /* PBXTargetDependency */,
			);
			name = MubTabViewTests;
			productName = MubTabViewTests;
			productReference = CFB669D82756EB6C0025D140 /* MubTabViewTests.xctest */;
			productType = "com.apple.product-type.bundle.unit-test";
		};
/* End PBXNativeTarget section */

/* Begin PBXProject section */
		CFB669C52756EB6B0025D140 /* Project object */ = {
			isa = PBXProject;
			attributes = {
				BuildIndependentTargetsInParallel = 1;
				LastSwiftUpdateCheck = 1310;
				LastUpgradeCheck = 1310;
				TargetAttributes = {
					CFB669CD2756EB6B0025D140 = {
						CreatedOnToolsVersion = 13.1;
					};
					CFB669D72756EB6C0025D140 = {
						CreatedOnToolsVersion = 13.1;
					};
				};
			};
			buildConfigurationList = CFB669C82756EB6B0025D140 /* Build configuration list for PBXProject "MubTabView" */;
			compatibilityVersion = "Xcode 13.0";
			developmentRegion = en;
			hasScannedForEncodings = 0;
			knownRegions = (
				en,
				Base,
			);
			mainGroup = CFB669C42756EB6B0025D140;
			productRefGroup = CFB669CF2756EB6B0025D140 /* Products */;
			projectDirPath = "";
			projectRoot = "";
			targets = (
				CFB669CD2756EB6B0025D140 /* MubTabView */,
				CFB669D72756EB6C0025D140 /* MubTabViewTests */,
			);
		};
/* End PBXProject section */

/* Begin PBXResourcesBuildPhase section */
		CFB669CC2756EB6B0025D140 /* Resources */ = {
			isa = PBXResourcesBuildPhase;
			buildActionMask = 2147483647;
			files = (
				CFF1B2D1275D12E30057CAC4 /* MubTabViewController.xib in Resources */,
			);
			runOnlyForDeploymentPostprocessing = 0;
		};
		CFB669D62756EB6C0025D140 /* Resources */ = {
			isa = PBXResourcesBuildPhase;
			buildActionMask = 2147483647;
			files = (
			);
			runOnlyForDeploymentPostprocessing = 0;
		};
/* End PBXResourcesBuildPhase section */

/* Begin PBXSourcesBuildPhase section */
		CFB669CA2756EB6B0025D140 /* Sources */ = {
			isa = PBXSourcesBuildPhase;
			buildActionMask = 2147483647;
			files = (
				CF5BB36D275AC9B600BFA6FD /* MubTabView.swift in Sources */,
				CFB669D32756EB6B0025D140 /* MubTabView.docc in Sources */,
				CFF1B2D0275D12E30057CAC4 /* MubTabViewController.swift in Sources */,
			);
			runOnlyForDeploymentPostprocessing = 0;
		};
		CFB669D42756EB6C0025D140 /* Sources */ = {
			isa = PBXSourcesBuildPhase;
			buildActionMask = 2147483647;
			files = (
				CFB669DE2756EB6C0025D140 /* MubTabViewTests.swift in Sources */,
			);
			runOnlyForDeploymentPostprocessing = 0;
		};
/* End PBXSourcesBuildPhase section */

/* Begin PBXTargetDependency section */
		CFB669DB2756EB6C0025D140 /* PBXTargetDependency */ = {
			isa = PBXTargetDependency;
			target = CFB669CD2756EB6B0025D140 /* MubTabView */;
			targetProxy = CFB669DA2756EB6C0025D140 /* PBXContainerItemProxy */;
		};
/* End PBXTargetDependency section */

/* Begin XCBuildConfiguration section */
		CFB669E02756EB6C0025D140 /* Debug */ = {
			isa = XCBuildConfiguration;
			buildSettings = {
				ALWAYS_SEARCH_USER_PATHS = NO;
				CLANG_ANALYZER_NONNULL = YES;
				CLANG_ANALYZER_NUMBER_OBJECT_CONVERSION = YES_AGGRESSIVE;
				CLANG_CXX_LANGUAGE_STANDARD = "gnu++17";
				CLANG_CXX_LIBRARY = "libc++";
				CLANG_ENABLE_MODULES = YES;
				CLANG_ENABLE_OBJC_ARC = YES;
				CLANG_ENABLE_OBJC_WEAK = YES;
				CLANG_WARN_BLOCK_CAPTURE_AUTORELEASING = YES;
				CLANG_WARN_BOOL_CONVERSION = YES;
				CLANG_WARN_COMMA = YES;
				CLANG_WARN_CONSTANT_CONVERSION = YES;
				CLANG_WARN_DEPRECATED_OBJC_IMPLEMENTATIONS = YES;
				CLANG_WARN_DIRECT_OBJC_ISA_USAGE = YES_ERROR;
				CLANG_WARN_DOCUMENTATION_COMMENTS = YES;
				CLANG_WARN_EMPTY_BODY = YES;
				CLANG_WARN_ENUM_CONVERSION = YES;
				CLANG_WARN_INFINITE_RECURSION = YES;
				CLANG_WARN_INT_CONVERSION = YES;
				CLANG_WARN_NON_LITERAL_NULL_CONVERSION = YES;
				CLANG_WARN_OBJC_IMPLICIT_RETAIN_SELF = YES;
				CLANG_WARN_OBJC_LITERAL_CONVERSION = YES;
				CLANG_WARN_OBJC_ROOT_CLASS = YES_ERROR;
				CLANG_WARN_QUOTED_INCLUDE_IN_FRAMEWORK_HEADER = YES;
				CLANG_WARN_RANGE_LOOP_ANALYSIS = YES;
				CLANG_WARN_STRICT_PROTOTYPES = YES;
				CLANG_WARN_SUSPICIOUS_MOVE = YES;
				CLANG_WARN_UNGUARDED_AVAILABILITY = YES_AGGRESSIVE;
				CLANG_WARN_UNREACHABLE_CODE = YES;
				CLANG_WARN__DUPLICATE_METHOD_MATCH = YES;
				COPY_PHASE_STRIP = NO;
				CURRENT_PROJECT_VERSION = 1;
				DEBUG_INFORMATION_FORMAT = dwarf;
				ENABLE_STRICT_OBJC_MSGSEND = YES;
				ENABLE_TESTABILITY = YES;
				GCC_C_LANGUAGE_STANDARD = gnu11;
				GCC_DYNAMIC_NO_PIC = NO;
				GCC_NO_COMMON_BLOCKS = YES;
				GCC_OPTIMIZATION_LEVEL = 0;
				GCC_PREPROCESSOR_DEFINITIONS = (
					"DEBUG=1",
					"$(inherited)",
				);
				GCC_WARN_64_TO_32_BIT_CONVERSION = YES;
				GCC_WARN_ABOUT_RETURN_TYPE = YES_ERROR;
				GCC_WARN_UNDECLARED_SELECTOR = YES;
				GCC_WARN_UNINITIALIZED_AUTOS = YES_AGGRESSIVE;
				GCC_WARN_UNUSED_FUNCTION = YES;
				GCC_WARN_UNUSED_VARIABLE = YES;
				MACOSX_DEPLOYMENT_TARGET = 10.13;
				MTL_ENABLE_DEBUG_INFO = INCLUDE_SOURCE;
				MTL_FAST_MATH = YES;
				ONLY_ACTIVE_ARCH = YES;
				SDKROOT = macosx;
				SWIFT_ACTIVE_COMPILATION_CONDITIONS = DEBUG;
				SWIFT_OPTIMIZATION_LEVEL = "-Onone";
				VERSIONING_SYSTEM = "apple-generic";
				VERSION_INFO_PREFIX = "";
			};
			name = Debug;
		};
		CFB669E12756EB6C0025D140 /* Release */ = {
			isa = XCBuildConfiguration;
			buildSettings = {
				ALWAYS_SEARCH_USER_PATHS = NO;
				CLANG_ANALYZER_NONNULL = YES;
				CLANG_ANALYZER_NUMBER_OBJECT_CONVERSION = YES_AGGRESSIVE;
				CLANG_CXX_LANGUAGE_STANDARD = "gnu++17";
				CLANG_CXX_LIBRARY = "libc++";
				CLANG_ENABLE_MODULES = YES;
				CLANG_ENABLE_OBJC_ARC = YES;
				CLANG_ENABLE_OBJC_WEAK = YES;
				CLANG_WARN_BLOCK_CAPTURE_AUTORELEASING = YES;
				CLANG_WARN_BOOL_CONVERSION = YES;
				CLANG_WARN_COMMA = YES;
				CLANG_WARN_CONSTANT_CONVERSION = YES;
				CLANG_WARN_DEPRECATED_OBJC_IMPLEMENTATIONS = YES;
				CLANG_WARN_DIRECT_OBJC_ISA_USAGE = YES_ERROR;
				CLANG_WARN_DOCUMENTATION_COMMENTS = YES;
				CLANG_WARN_EMPTY_BODY = YES;
				CLANG_WARN_ENUM_CONVERSION = YES;
				CLANG_WARN_INFINITE_RECURSION = YES;
				CLANG_WARN_INT_CONVERSION = YES;
				CLANG_WARN_NON_LITERAL_NULL_CONVERSION = YES;
				CLANG_WARN_OBJC_IMPLICIT_RETAIN_SELF = YES;
				CLANG_WARN_OBJC_LITERAL_CONVERSION = YES;
				CLANG_WARN_OBJC_ROOT_CLASS = YES_ERROR;
				CLANG_WARN_QUOTED_INCLUDE_IN_FRAMEWORK_HEADER = YES;
				CLANG_WARN_RANGE_LOOP_ANALYSIS = YES;
				CLANG_WARN_STRICT_PROTOTYPES = YES;
				CLANG_WARN_SUSPICIOUS_MOVE = YES;
				CLANG_WARN_UNGUARDED_AVAILABILITY = YES_AGGRESSIVE;
				CLANG_WARN_UNREACHABLE_CODE = YES;
				CLANG_WARN__DUPLICATE_METHOD_MATCH = YES;
				COPY_PHASE_STRIP = NO;
				CURRENT_PROJECT_VERSION = 1;
				DEBUG_INFORMATION_FORMAT = "dwarf-with-dsym";
				ENABLE_NS_ASSERTIONS = NO;
				ENABLE_STRICT_OBJC_MSGSEND = YES;
				GCC_C_LANGUAGE_STANDARD = gnu11;
				GCC_NO_COMMON_BLOCKS = YES;
				GCC_WARN_64_TO_32_BIT_CONVERSION = YES;
				GCC_WARN_ABOUT_RETURN_TYPE = YES_ERROR;
				GCC_WARN_UNDECLARED_SELECTOR = YES;
				GCC_WARN_UNINITIALIZED_AUTOS = YES_AGGRESSIVE;
				GCC_WARN_UNUSED_FUNCTION = YES;
				GCC_WARN_UNUSED_VARIABLE = YES;
				MACOSX_DEPLOYMENT_TARGET = 10.13;
				MTL_ENABLE_DEBUG_INFO = NO;
				MTL_FAST_MATH = YES;
				SDKROOT = macosx;
				SWIFT_COMPILATION_MODE = wholemodule;
				SWIFT_OPTIMIZATION_LEVEL = "-O";
				VERSIONING_SYSTEM = "apple-generic";
				VERSION_INFO_PREFIX = "";
			};
			name = Release;
		};
		CFB669E32756EB6C0025D140 /* Debug */ = {
			isa = XCBuildConfiguration;
			buildSettings = {
				CODE_SIGN_STYLE = Automatic;
				COMBINE_HIDPI_IMAGES = YES;
				CURRENT_PROJECT_VERSION = 1;
				DEFINES_MODULE = YES;
				DEVELOPMENT_TEAM = B29PGN9AG4;
				DYLIB_COMPATIBILITY_VERSION = 1;
				DYLIB_CURRENT_VERSION = 1;
				DYLIB_INSTALL_NAME_BASE = "@rpath";
				GENERATE_INFOPLIST_FILE = YES;
				INFOPLIST_KEY_NSHumanReadableCopyright = "";
				INSTALL_PATH = "$(LOCAL_LIBRARY_DIR)/Frameworks";
				LD_RUNPATH_SEARCH_PATHS = (
					"$(inherited)",
					"@executable_path/../Frameworks",
					"@loader_path/Frameworks",
				);
				MACOSX_DEPLOYMENT_TARGET = 10.13;
				MARKETING_VERSION = 1.0;
				PRODUCT_BUNDLE_IDENTIFIER = com.ashwin.MubTabView;
				PRODUCT_NAME = "$(TARGET_NAME:c99extidentifier)";
				SKIP_INSTALL = YES;
				SWIFT_EMIT_LOC_STRINGS = YES;
				SWIFT_VERSION = 5.0;
			};
			name = Debug;
		};
		CFB669E42756EB6C0025D140 /* Release */ = {
			isa = XCBuildConfiguration;
			buildSettings = {
				CODE_SIGN_STYLE = Automatic;
				COMBINE_HIDPI_IMAGES = YES;
				CURRENT_PROJECT_VERSION = 1;
				DEFINES_MODULE = YES;
				DEVELOPMENT_TEAM = B29PGN9AG4;
				DYLIB_COMPATIBILITY_VERSION = 1;
				DYLIB_CURRENT_VERSION = 1;
				DYLIB_INSTALL_NAME_BASE = "@rpath";
				GENERATE_INFOPLIST_FILE = YES;
				INFOPLIST_KEY_NSHumanReadableCopyright = "";
				INSTALL_PATH = "$(LOCAL_LIBRARY_DIR)/Frameworks";
				LD_RUNPATH_SEARCH_PATHS = (
					"$(inherited)",
					"@executable_path/../Frameworks",
					"@loader_path/Frameworks",
				);
				MACOSX_DEPLOYMENT_TARGET = 10.13;
				MARKETING_VERSION = 1.0;
				PRODUCT_BUNDLE_IDENTIFIER = com.ashwin.MubTabView;
				PRODUCT_NAME = "$(TARGET_NAME:c99extidentifier)";
				SKIP_INSTALL = YES;
				SWIFT_EMIT_LOC_STRINGS = YES;
				SWIFT_VERSION = 5.0;
			};
			name = Release;
		};
		CFB669E62756EB6C0025D140 /* Debug */ = {
			isa = XCBuildConfiguration;
			buildSettings = {
				ALWAYS_EMBED_SWIFT_STANDARD_LIBRARIES = YES;
				CODE_SIGN_STYLE = Automatic;
				COMBINE_HIDPI_IMAGES = YES;
				CURRENT_PROJECT_VERSION = 1;
				DEVELOPMENT_TEAM = B29PGN9AG4;
				GENERATE_INFOPLIST_FILE = YES;
				LD_RUNPATH_SEARCH_PATHS = (
					"$(inherited)",
					"@executable_path/../Frameworks",
					"@loader_path/../Frameworks",
				);
				MARKETING_VERSION = 1.0;
				PRODUCT_BUNDLE_IDENTIFIER = com.ashwin.MubTabViewTests;
				PRODUCT_NAME = "$(TARGET_NAME)";
				SWIFT_EMIT_LOC_STRINGS = NO;
				SWIFT_VERSION = 5.0;
			};
			name = Debug;
		};
		CFB669E72756EB6C0025D140 /* Release */ = {
			isa = XCBuildConfiguration;
			buildSettings = {
				ALWAYS_EMBED_SWIFT_STANDARD_LIBRARIES = YES;
				CODE_SIGN_STYLE = Automatic;
				COMBINE_HIDPI_IMAGES = YES;
				CURRENT_PROJECT_VERSION = 1;
				DEVELOPMENT_TEAM = B29PGN9AG4;
				GENERATE_INFOPLIST_FILE = YES;
				LD_RUNPATH_SEARCH_PATHS = (
					"$(inherited)",
					"@executable_path/../Frameworks",
					"@loader_path/../Frameworks",
				);
				MARKETING_VERSION = 1.0;
				PRODUCT_BUNDLE_IDENTIFIER = com.ashwin.MubTabViewTests;
				PRODUCT_NAME = "$(TARGET_NAME)";
				SWIFT_EMIT_LOC_STRINGS = NO;
				SWIFT_VERSION = 5.0;
			};
			name = Release;
		};
/* End XCBuildConfiguration section */

/* Begin XCConfigurationList section */
		CFB669C82756EB6B0025D140 /* Build configuration list for PBXProject "MubTabView" */ = {
			isa = XCConfigurationList;
			buildConfigurations = (
				CFB669E02756EB6C0025D140 /* Debug */,
				CFB669E12756EB6C0025D140 /* Release */,
			);
			defaultConfigurationIsVisible = 0;
			defaultConfigurationName = Release;
		};
		CFB669E22756EB6C0025D140 /* Build configuration list for PBXNativeTarget "MubTabView" */ = {
			isa = XCConfigurationList;
			buildConfigurations = (
				CFB669E32756EB6C0025D140 /* Debug */,
				CFB669E42756EB6C0025D140 /* Release */,
			);
			defaultConfigurationIsVisible = 0;
			defaultConfigurationName = Release;
		};
		CFB669E52756EB6C0025D140 /* Build configuration list for PBXNativeTarget "MubTabViewTests" */ = {
			isa = XCConfigurationList;
			buildConfigurations = (
				CFB669E62756EB6C0025D140 /* Debug */,
				CFB669E72756EB6C0025D140 /* Release */,
			);
			defaultConfigurationIsVisible = 0;
			defaultConfigurationName = Release;
		};
/* End XCConfigurationList section */
	};
	rootObject = CFB669C52756EB6B0025D140 /* Project object */;
}
