// !$*UTF8*$!
{
	archiveVersion = 1;
	classes = {
	};
	objectVersion = 55;
	objects = {

/* Begin PBXBuildFile section */
		ED91998F277BAEE3005FC091 /* MubSuggestions.framework in Frameworks */ = {isa = PBXBuildFile; fileRef = ED919986277BAEE2005FC091 /* MubSuggestions.framework */; };
		ED919994277BAEE3005FC091 /* MubSuggestionsTests.swift in Sources */ = {isa = PBXBuildFile; fileRef = ED919993277BAEE3005FC091 /* MubSuggestionsTests.swift */; };
		ED919995277BAEE3005FC091 /* MubSuggestions.h in Headers */ = {isa = PBXBuildFile; fileRef = ED919989277BAEE2005FC091 /* MubSuggestions.h */; settings = {ATTRIBUTES = (Public, ); }; };
		ED9199B3277BAEEF005FC091 /* APSuggestionsWindowController.swift in Sources */ = {isa = PBXBuildFile; fileRef = ED9199AC277BAEEF005FC091 /* APSuggestionsWindowController.swift */; };
		ED9199B4277BAEEF005FC091 /* APFramworkDefaultCell.xib in Resources */ = {isa = PBXBuildFile; fileRef = ED9199AD277BAEEF005FC091 /* APFramworkDefaultCell.xib */; };
		ED9199B5277BAEEF005FC091 /* APSuggestionsWindow.swift in Sources */ = {isa = PBXBuildFile; fileRef = ED9199AE277BAEEF005FC091 /* APSuggestionsWindow.swift */; };
		ED9199B6277BAEEF005FC091 /* APRoundedCornersView.swift in Sources */ = {isa = PBXBuildFile; fileRef = ED9199AF277BAEEF005FC091 /* APRoundedCornersView.swift */; };
		ED9199B7277BAEEF005FC091 /* APSuggestibleTextFieldCell.swift in Sources */ = {isa = PBXBuildFile; fileRef = ED9199B0277BAEEF005FC091 /* APSuggestibleTextFieldCell.swift */; };
		ED9199B8277BAEEF005FC091 /* SearchSuggestions.swift in Sources */ = {isa = PBXBuildFile; fileRef = ED9199B1277BAEEF005FC091 /* SearchSuggestions.swift */; };
		ED9199B9277BAEEF005FC091 /* APHighlightingView.swift in Sources */ = {isa = PBXBuildFile; fileRef = ED9199B2277BAEEF005FC091 /* APHighlightingView.swift */; };
/* End PBXBuildFile section */

/* Begin PBXContainerItemProxy section */
		ED919990277BAEE3005FC091 /* PBXContainerItemProxy */ = {
			isa = PBXContainerItemProxy;
			containerPortal = ED91997D277BAEE2005FC091 /* Project object */;
			proxyType = 1;
			remoteGlobalIDString = ED919985277BAEE2005FC091;
			remoteInfo = MubSuggestions;
		};
/* End PBXContainerItemProxy section */

/* Begin PBXFileReference section */
		ED919986277BAEE2005FC091 /* MubSuggestions.framework */ = {isa = PBXFileReference; explicitFileType = wrapper.framework; includeInIndex = 0; path = MubSuggestions.framework; sourceTree = BUILT_PRODUCTS_DIR; };
		ED919989277BAEE2005FC091 /* MubSuggestions.h */ = {isa = PBXFileReference; lastKnownFileType = sourcecode.c.h; path = MubSuggestions.h; sourceTree = "<group>"; };
		ED91998E277BAEE3005FC091 /* MubSuggestionsTests.xctest */ = {isa = PBXFileReference; explicitFileType = wrapper.cfbundle; includeInIndex = 0; path = MubSuggestionsTests.xctest; sourceTree = BUILT_PRODUCTS_DIR; };
		ED919993277BAEE3005FC091 /* MubSuggestionsTests.swift */ = {isa = PBXFileReference; lastKnownFileType = sourcecode.swift; path = MubSuggestionsTests.swift; sourceTree = "<group>"; };
		ED9199AC277BAEEF005FC091 /* APSuggestionsWindowController.swift */ = {isa = PBXFileReference; fileEncoding = 4; lastKnownFileType = sourcecode.swift; path = APSuggestionsWindowController.swift; sourceTree = "<group>"; };
		ED9199AD277BAEEF005FC091 /* APFramworkDefaultCell.xib */ = {isa = PBXFileReference; fileEncoding = 4; lastKnownFileType = file.xib; path = APFramworkDefaultCell.xib; sourceTree = "<group>"; };
		ED9199AE277BAEEF005FC091 /* APSuggestionsWindow.swift */ = {isa = PBXFileReference; fileEncoding = 4; lastKnownFileType = sourcecode.swift; path = APSuggestionsWindow.swift; sourceTree = "<group>"; };
		ED9199AF277BAEEF005FC091 /* APRoundedCornersView.swift */ = {isa = PBXFileReference; fileEncoding = 4; lastKnownFileType = sourcecode.swift; path = APRoundedCornersView.swift; sourceTree = "<group>"; };
		ED9199B0277BAEEF005FC091 /* APSuggestibleTextFieldCell.swift */ = {isa = PBXFileReference; fileEncoding = 4; lastKnownFileType = sourcecode.swift; path = APSuggestibleTextFieldCell.swift; sourceTree = "<group>"; };
		ED9199B1277BAEEF005FC091 /* SearchSuggestions.swift */ = {isa = PBXFileReference; fileEncoding = 4; lastKnownFileType = sourcecode.swift; path = SearchSuggestions.swift; sourceTree = "<group>"; };
		ED9199B2277BAEEF005FC091 /* APHighlightingView.swift */ = {isa = PBXFileReference; fileEncoding = 4; lastKnownFileType = sourcecode.swift; path = APHighlightingView.swift; sourceTree = "<group>"; };
/* End PBXFileReference section */

/* Begin PBXFrameworksBuildPhase section */
		ED919983277BAEE2005FC091 /* Frameworks */ = {
			isa = PBXFrameworksBuildPhase;
			buildActionMask = 2147483647;
			files = (
			);
			runOnlyForDeploymentPostprocessing = 0;
		};
		ED91998B277BAEE3005FC091 /* Frameworks */ = {
			isa = PBXFrameworksBuildPhase;
			buildActionMask = 2147483647;
			files = (
				ED91998F277BAEE3005FC091 /* MubSuggestions.framework in Frameworks */,
			);
			runOnlyForDeploymentPostprocessing = 0;
		};
/* End PBXFrameworksBuildPhase section */

/* Begin PBXGroup section */
		ED91997C277BAEE2005FC091 = {
			isa = PBXGroup;
			children = (
				ED919988277BAEE2005FC091 /* MubSuggestions */,
				ED919992277BAEE3005FC091 /* MubSuggestionsTests */,
				ED919987277BAEE2005FC091 /* Products */,
			);
			sourceTree = "<group>";
		};
		ED919987277BAEE2005FC091 /* Products */ = {
			isa = PBXGroup;
			children = (
				ED919986277BAEE2005FC091 /* MubSuggestions.framework */,
				ED91998E277BAEE3005FC091 /* MubSuggestionsTests.xctest */,
			);
			name = Products;
			sourceTree = "<group>";
		};
		ED919988277BAEE2005FC091 /* MubSuggestions */ = {
			isa = PBXGroup;
			children = (
				ED9199AD277BAEEF005FC091 /* APFramworkDefaultCell.xib */,
				ED9199B2277BAEEF005FC091 /* APHighlightingView.swift */,
				ED9199AF277BAEEF005FC091 /* APRoundedCornersView.swift */,
				ED9199B0277BAEEF005FC091 /* APSuggestibleTextFieldCell.swift */,
				ED9199AE277BAEEF005FC091 /* APSuggestionsWindow.swift */,
				ED9199AC277BAEEF005FC091 /* APSuggestionsWindowController.swift */,
				ED919989277BAEE2005FC091 /* MubSuggestions.h */,
				ED9199B1277BAEEF005FC091 /* SearchSuggestions.swift */,
			);
			path = MubSuggestions;
			sourceTree = "<group>";
		};
		ED919992277BAEE3005FC091 /* MubSuggestionsTests */ = {
			isa = PBXGroup;
			children = (
				ED919993277BAEE3005FC091 /* MubSuggestionsTests.swift */,
			);
			path = MubSuggestionsTests;
			sourceTree = "<group>";
		};
/* End PBXGroup section */

/* Begin PBXHeadersBuildPhase section */
		ED919981277BAEE2005FC091 /* Headers */ = {
			isa = PBXHeadersBuildPhase;
			buildActionMask = 2147483647;
			files = (
				ED919995277BAEE3005FC091 /* MubSuggestions.h in Headers */,
			);
			runOnlyForDeploymentPostprocessing = 0;
		};
/* End PBXHeadersBuildPhase section */

/* Begin PBXNativeTarget section */
		ED919985277BAEE2005FC091 /* MubSuggestions */ = {
			isa = PBXNativeTarget;
			buildConfigurationList = ED919998277BAEE3005FC091 /* Build configuration list for PBXNativeTarget "MubSuggestions" */;
			buildPhases = (
				ED919981277BAEE2005FC091 /* Headers */,
				ED919982277BAEE2005FC091 /* Sources */,
				ED919983277BAEE2005FC091 /* Frameworks */,
				ED919984277BAEE2005FC091 /* Resources */,
			);
			buildRules = (
			);
			dependencies = (
			);
			name = MubSuggestions;
			productName = MubSuggestions;
			productReference = ED919986277BAEE2005FC091 /* MubSuggestions.framework */;
			productType = "com.apple.product-type.framework";
		};
		ED91998D277BAEE3005FC091 /* MubSuggestionsTests */ = {
			isa = PBXNativeTarget;
			buildConfigurationList = ED91999B277BAEE3005FC091 /* Build configuration list for PBXNativeTarget "MubSuggestionsTests" */;
			buildPhases = (
				ED91998A277BAEE3005FC091 /* Sources */,
				ED91998B277BAEE3005FC091 /* Frameworks */,
				ED91998C277BAEE3005FC091 /* Resources */,
			);
			buildRules = (
			);
			dependencies = (
				ED919991277BAEE3005FC091 /* PBXTargetDependency */,
			);
			name = MubSuggestionsTests;
			productName = MubSuggestionsTests;
			productReference = ED91998E277BAEE3005FC091 /* MubSuggestionsTests.xctest */;
			productType = "com.apple.product-type.bundle.unit-test";
		};
/* End PBXNativeTarget section */

/* Begin PBXProject section */
		ED91997D277BAEE2005FC091 /* Project object */ = {
			isa = PBXProject;
			attributes = {
				BuildIndependentTargetsInParallel = 1;
				LastSwiftUpdateCheck = 1320;
				LastUpgradeCheck = 1320;
				TargetAttributes = {
					ED919985277BAEE2005FC091 = {
						CreatedOnToolsVersion = 13.2.1;
					};
					ED91998D277BAEE3005FC091 = {
						CreatedOnToolsVersion = 13.2.1;
					};
				};
			};
			buildConfigurationList = ED919980277BAEE2005FC091 /* Build configuration list for PBXProject "MubSuggestions" */;
			compatibilityVersion = "Xcode 13.0";
			developmentRegion = en;
			hasScannedForEncodings = 0;
			knownRegions = (
				en,
				Base,
			);
			mainGroup = ED91997C277BAEE2005FC091;
			productRefGroup = ED919987277BAEE2005FC091 /* Products */;
			projectDirPath = "";
			projectRoot = "";
			targets = (
				ED919985277BAEE2005FC091 /* MubSuggestions */,
				ED91998D277BAEE3005FC091 /* MubSuggestionsTests */,
			);
		};
/* End PBXProject section */

/* Begin PBXResourcesBuildPhase section */
		ED919984277BAEE2005FC091 /* Resources */ = {
			isa = PBXResourcesBuildPhase;
			buildActionMask = 2147483647;
			files = (
				ED9199B4277BAEEF005FC091 /* APFramworkDefaultCell.xib in Resources */,
			);
			runOnlyForDeploymentPostprocessing = 0;
		};
		ED91998C277BAEE3005FC091 /* Resources */ = {
			isa = PBXResourcesBuildPhase;
			buildActionMask = 2147483647;
			files = (
			);
			runOnlyForDeploymentPostprocessing = 0;
		};
/* End PBXResourcesBuildPhase section */

/* Begin PBXSourcesBuildPhase section */
		ED919982277BAEE2005FC091 /* Sources */ = {
			isa = PBXSourcesBuildPhase;
			buildActionMask = 2147483647;
			files = (
				ED9199B5277BAEEF005FC091 /* APSuggestionsWindow.swift in Sources */,
				ED9199B3277BAEEF005FC091 /* APSuggestionsWindowController.swift in Sources */,
				ED9199B7277BAEEF005FC091 /* APSuggestibleTextFieldCell.swift in Sources */,
				ED9199B6277BAEEF005FC091 /* APRoundedCornersView.swift in Sources */,
				ED9199B8277BAEEF005FC091 /* SearchSuggestions.swift in Sources */,
				ED9199B9277BAEEF005FC091 /* APHighlightingView.swift in Sources */,
			);
			runOnlyForDeploymentPostprocessing = 0;
		};
		ED91998A277BAEE3005FC091 /* Sources */ = {
			isa = PBXSourcesBuildPhase;
			buildActionMask = 2147483647;
			files = (
				ED919994277BAEE3005FC091 /* MubSuggestionsTests.swift in Sources */,
			);
			runOnlyForDeploymentPostprocessing = 0;
		};
/* End PBXSourcesBuildPhase section */

/* Begin PBXTargetDependency section */
		ED919991277BAEE3005FC091 /* PBXTargetDependency */ = {
			isa = PBXTargetDependency;
			target = ED919985277BAEE2005FC091 /* MubSuggestions */;
			targetProxy = ED919990277BAEE3005FC091 /* PBXContainerItemProxy */;
		};
/* End PBXTargetDependency section */

/* Begin XCBuildConfiguration section */
		ED919996277BAEE3005FC091 /* Debug */ = {
			isa = XCBuildConfiguration;
			buildSettings = {
				ALWAYS_SEARCH_USER_PATHS = NO;
				CLANG_ANALYZER_NONNULL = YES;
				CLANG_ANALYZER_NUMBER_OBJECT_CONVERSION = YES_AGGRESSIVE;
				CLANG_CXX_LANGUAGE_STANDARD = "gnu++17";
				CLANG_CXX_LIBRARY = "libc++";
				CLANG_ENABLE_MODULES = YES;
				CLANG_ENABLE_OBJC_ARC = YES;
				CLANG_ENABLE_OBJC_WEAK = YES;
				CLANG_WARN_BLOCK_CAPTURE_AUTORELEASING = YES;
				CLANG_WARN_BOOL_CONVERSION = YES;
				CLANG_WARN_COMMA = YES;
				CLANG_WARN_CONSTANT_CONVERSION = YES;
				CLANG_WARN_DEPRECATED_OBJC_IMPLEMENTATIONS = YES;
				CLANG_WARN_DIRECT_OBJC_ISA_USAGE = YES_ERROR;
				CLANG_WARN_DOCUMENTATION_COMMENTS = YES;
				CLANG_WARN_EMPTY_BODY = YES;
				CLANG_WARN_ENUM_CONVERSION = YES;
				CLANG_WARN_INFINITE_RECURSION = YES;
				CLANG_WARN_INT_CONVERSION = YES;
				CLANG_WARN_NON_LITERAL_NULL_CONVERSION = YES;
				CLANG_WARN_OBJC_IMPLICIT_RETAIN_SELF = YES;
				CLANG_WARN_OBJC_LITERAL_CONVERSION = YES;
				CLANG_WARN_OBJC_ROOT_CLASS = YES_ERROR;
				CLANG_WARN_QUOTED_INCLUDE_IN_FRAMEWORK_HEADER = YES;
				CLANG_WARN_RANGE_LOOP_ANALYSIS = YES;
				CLANG_WARN_STRICT_PROTOTYPES = YES;
				CLANG_WARN_SUSPICIOUS_MOVE = YES;
				CLANG_WARN_UNGUARDED_AVAILABILITY = YES_AGGRESSIVE;
				CLANG_WARN_UNREACHABLE_CODE = YES;
				CLANG_WARN__DUPLICATE_METHOD_MATCH = YES;
				COPY_PHASE_STRIP = NO;
				CURRENT_PROJECT_VERSION = 1;
				DEBUG_INFORMATION_FORMAT = dwarf;
				ENABLE_STRICT_OBJC_MSGSEND = YES;
				ENABLE_TESTABILITY = YES;
				GCC_C_LANGUAGE_STANDARD = gnu11;
				GCC_DYNAMIC_NO_PIC = NO;
				GCC_NO_COMMON_BLOCKS = YES;
				GCC_OPTIMIZATION_LEVEL = 0;
				GCC_PREPROCESSOR_DEFINITIONS = (
					"DEBUG=1",
					"$(inherited)",
				);
				GCC_WARN_64_TO_32_BIT_CONVERSION = YES;
				GCC_WARN_ABOUT_RETURN_TYPE = YES_ERROR;
				GCC_WARN_UNDECLARED_SELECTOR = YES;
				GCC_WARN_UNINITIALIZED_AUTOS = YES_AGGRESSIVE;
				GCC_WARN_UNUSED_FUNCTION = YES;
				GCC_WARN_UNUSED_VARIABLE = YES;
				MACOSX_DEPLOYMENT_TARGET = 10.14;
				MTL_ENABLE_DEBUG_INFO = INCLUDE_SOURCE;
				MTL_FAST_MATH = YES;
				ONLY_ACTIVE_ARCH = YES;
				SDKROOT = macosx;
				SWIFT_ACTIVE_COMPILATION_CONDITIONS = DEBUG;
				SWIFT_OPTIMIZATION_LEVEL = "-Onone";
				VERSIONING_SYSTEM = "apple-generic";
				VERSION_INFO_PREFIX = "";
			};
			name = Debug;
		};
		ED919997277BAEE3005FC091 /* Release */ = {
			isa = XCBuildConfiguration;
			buildSettings = {
				ALWAYS_SEARCH_USER_PATHS = NO;
				CLANG_ANALYZER_NONNULL = YES;
				CLANG_ANALYZER_NUMBER_OBJECT_CONVERSION = YES_AGGRESSIVE;
				CLANG_CXX_LANGUAGE_STANDARD = "gnu++17";
				CLANG_CXX_LIBRARY = "libc++";
				CLANG_ENABLE_MODULES = YES;
				CLANG_ENABLE_OBJC_ARC = YES;
				CLANG_ENABLE_OBJC_WEAK = YES;
				CLANG_WARN_BLOCK_CAPTURE_AUTORELEASING = YES;
				CLANG_WARN_BOOL_CONVERSION = YES;
				CLANG_WARN_COMMA = YES;
				CLANG_WARN_CONSTANT_CONVERSION = YES;
				CLANG_WARN_DEPRECATED_OBJC_IMPLEMENTATIONS = YES;
				CLANG_WARN_DIRECT_OBJC_ISA_USAGE = YES_ERROR;
				CLANG_WARN_DOCUMENTATION_COMMENTS = YES;
				CLANG_WARN_EMPTY_BODY = YES;
				CLANG_WARN_ENUM_CONVERSION = YES;
				CLANG_WARN_INFINITE_RECURSION = YES;
				CLANG_WARN_INT_CONVERSION = YES;
				CLANG_WARN_NON_LITERAL_NULL_CONVERSION = YES;
				CLANG_WARN_OBJC_IMPLICIT_RETAIN_SELF = YES;
				CLANG_WARN_OBJC_LITERAL_CONVERSION = YES;
				CLANG_WARN_OBJC_ROOT_CLASS = YES_ERROR;
				CLANG_WARN_QUOTED_INCLUDE_IN_FRAMEWORK_HEADER = YES;
				CLANG_WARN_RANGE_LOOP_ANALYSIS = YES;
				CLANG_WARN_STRICT_PROTOTYPES = YES;
				CLANG_WARN_SUSPICIOUS_MOVE = YES;
				CLANG_WARN_UNGUARDED_AVAILABILITY = YES_AGGRESSIVE;
				CLANG_WARN_UNREACHABLE_CODE = YES;
				CLANG_WARN__DUPLICATE_METHOD_MATCH = YES;
				COPY_PHASE_STRIP = NO;
				CURRENT_PROJECT_VERSION = 1;
				DEBUG_INFORMATION_FORMAT = "dwarf-with-dsym";
				ENABLE_NS_ASSERTIONS = NO;
				ENABLE_STRICT_OBJC_MSGSEND = YES;
				GCC_C_LANGUAGE_STANDARD = gnu11;
				GCC_NO_COMMON_BLOCKS = YES;
				GCC_WARN_64_TO_32_BIT_CONVERSION = YES;
				GCC_WARN_ABOUT_RETURN_TYPE = YES_ERROR;
				GCC_WARN_UNDECLARED_SELECTOR = YES;
				GCC_WARN_UNINITIALIZED_AUTOS = YES_AGGRESSIVE;
				GCC_WARN_UNUSED_FUNCTION = YES;
				GCC_WARN_UNUSED_VARIABLE = YES;
				MACOSX_DEPLOYMENT_TARGET = 10.14;
				MTL_ENABLE_DEBUG_INFO = NO;
				MTL_FAST_MATH = YES;
				SDKROOT = macosx;
				SWIFT_COMPILATION_MODE = wholemodule;
				SWIFT_OPTIMIZATION_LEVEL = "-O";
				VERSIONING_SYSTEM = "apple-generic";
				VERSION_INFO_PREFIX = "";
			};
			name = Release;
		};
		ED919999277BAEE3005FC091 /* Debug */ = {
			isa = XCBuildConfiguration;
			buildSettings = {
				CODE_SIGN_STYLE = Automatic;
				COMBINE_HIDPI_IMAGES = YES;
				CURRENT_PROJECT_VERSION = 1;
				DEFINES_MODULE = YES;
				DEVELOPMENT_TEAM = B29PGN9AG4;
				DYLIB_COMPATIBILITY_VERSION = 1;
				DYLIB_CURRENT_VERSION = 1;
				DYLIB_INSTALL_NAME_BASE = "@rpath";
				GENERATE_INFOPLIST_FILE = YES;
				INFOPLIST_KEY_NSHumanReadableCopyright = "";
				INSTALL_PATH = "$(LOCAL_LIBRARY_DIR)/Frameworks";
				LD_RUNPATH_SEARCH_PATHS = (
					"$(inherited)",
					"@executable_path/../Frameworks",
					"@loader_path/Frameworks",
				);
				MACOSX_DEPLOYMENT_TARGET = 10.14;
				MARKETING_VERSION = 1.0;
				PRODUCT_BUNDLE_IDENTIFIER = com.ashwin.MubSuggestions;
				PRODUCT_NAME = "$(TARGET_NAME:c99extidentifier)";
				SKIP_INSTALL = YES;
				SWIFT_EMIT_LOC_STRINGS = YES;
				SWIFT_VERSION = 5.0;
			};
			name = Debug;
		};
		ED91999A277BAEE3005FC091 /* Release */ = {
			isa = XCBuildConfiguration;
			buildSettings = {
				CODE_SIGN_STYLE = Automatic;
				COMBINE_HIDPI_IMAGES = YES;
				CURRENT_PROJECT_VERSION = 1;
				DEFINES_MODULE = YES;
				DEVELOPMENT_TEAM = B29PGN9AG4;
				DYLIB_COMPATIBILITY_VERSION = 1;
				DYLIB_CURRENT_VERSION = 1;
				DYLIB_INSTALL_NAME_BASE = "@rpath";
				GENERATE_INFOPLIST_FILE = YES;
				INFOPLIST_KEY_NSHumanReadableCopyright = "";
				INSTALL_PATH = "$(LOCAL_LIBRARY_DIR)/Frameworks";
				LD_RUNPATH_SEARCH_PATHS = (
					"$(inherited)",
					"@executable_path/../Frameworks",
					"@loader_path/Frameworks",
				);
				MACOSX_DEPLOYMENT_TARGET = 10.14;
				MARKETING_VERSION = 1.0;
				PRODUCT_BUNDLE_IDENTIFIER = com.ashwin.MubSuggestions;
				PRODUCT_NAME = "$(TARGET_NAME:c99extidentifier)";
				SKIP_INSTALL = YES;
				SWIFT_EMIT_LOC_STRINGS = YES;
				SWIFT_VERSION = 5.0;
			};
			name = Release;
		};
		ED91999C277BAEE3005FC091 /* Debug */ = {
			isa = XCBuildConfiguration;
			buildSettings = {
				ALWAYS_EMBED_SWIFT_STANDARD_LIBRARIES = YES;
				CODE_SIGN_STYLE = Automatic;
				CURRENT_PROJECT_VERSION = 1;
				DEVELOPMENT_TEAM = B29PGN9AG4;
				GENERATE_INFOPLIST_FILE = YES;
				MARKETING_VERSION = 1.0;
				PRODUCT_BUNDLE_IDENTIFIER = com.ashwin.MubSuggestionsTests;
				PRODUCT_NAME = "$(TARGET_NAME)";
				SWIFT_EMIT_LOC_STRINGS = NO;
				SWIFT_VERSION = 5.0;
			};
			name = Debug;
		};
		ED91999D277BAEE3005FC091 /* Release */ = {
			isa = XCBuildConfiguration;
			buildSettings = {
				ALWAYS_EMBED_SWIFT_STANDARD_LIBRARIES = YES;
				CODE_SIGN_STYLE = Automatic;
				CURRENT_PROJECT_VERSION = 1;
				DEVELOPMENT_TEAM = B29PGN9AG4;
				GENERATE_INFOPLIST_FILE = YES;
				MARKETING_VERSION = 1.0;
				PRODUCT_BUNDLE_IDENTIFIER = com.ashwin.MubSuggestionsTests;
				PRODUCT_NAME = "$(TARGET_NAME)";
				SWIFT_EMIT_LOC_STRINGS = NO;
				SWIFT_VERSION = 5.0;
			};
			name = Release;
		};
/* End XCBuildConfiguration section */

/* Begin XCConfigurationList section */
		ED919980277BAEE2005FC091 /* Build configuration list for PBXProject "MubSuggestions" */ = {
			isa = XCConfigurationList;
			buildConfigurations = (
				ED919996277BAEE3005FC091 /* Debug */,
				ED919997277BAEE3005FC091 /* Release */,
			);
			defaultConfigurationIsVisible = 0;
			defaultConfigurationName = Release;
		};
		ED919998277BAEE3005FC091 /* Build configuration list for PBXNativeTarget "MubSuggestions" */ = {
			isa = XCConfigurationList;
			buildConfigurations = (
				ED919999277BAEE3005FC091 /* Debug */,
				ED91999A277BAEE3005FC091 /* Release */,
			);
			defaultConfigurationIsVisible = 0;
			defaultConfigurationName = Release;
		};
		ED91999B277BAEE3005FC091 /* Build configuration list for PBXNativeTarget "MubSuggestionsTests" */ = {
			isa = XCConfigurationList;
			buildConfigurations = (
				ED91999C277BAEE3005FC091 /* Debug */,
				ED91999D277BAEE3005FC091 /* Release */,
			);
			defaultConfigurationIsVisible = 0;
			defaultConfigurationName = Release;
		};
/* End XCConfigurationList section */
	};
	rootObject = ED91997D277BAEE2005FC091 /* Project object */;
}
